// !$*UTF8*$!
{
	archiveVersion = 1;
	classes = {
	};
	objectVersion = 48;
	objects = {

/* Begin PBXBuildFile section */
		3D0B1AB88F8307B7C256DDBD /* Pods_RxSwiftDemoUITests.framework in Frameworks */ = {isa = PBXBuildFile; fileRef = A3DD3D1D2775CCCE6425C910 /* Pods_RxSwiftDemoUITests.framework */; };
		9BC55B1C23D52042483B58FC /* Pods_RxSwiftDemo.framework in Frameworks */ = {isa = PBXBuildFile; fileRef = 150BB48B3F7A2AB4F859DF5D /* Pods_RxSwiftDemo.framework */; };
		9C7A7AF2BCC6018269D312AE /* Pods_RxSwiftDemoTests.framework in Frameworks */ = {isa = PBXBuildFile; fileRef = BE0BD937F86F366A4EC70B34 /* Pods_RxSwiftDemoTests.framework */; };
		D10ABD6D20A05661005296EA /* AppDelegate.swift in Sources */ = {isa = PBXBuildFile; fileRef = D10ABD6C20A05661005296EA /* AppDelegate.swift */; };
		D10ABD6F20A05661005296EA /* ViewController.swift in Sources */ = {isa = PBXBuildFile; fileRef = D10ABD6E20A05661005296EA /* ViewController.swift */; };
		D10ABD7220A05661005296EA /* Main.storyboard in Resources */ = {isa = PBXBuildFile; fileRef = D10ABD7020A05661005296EA /* Main.storyboard */; };
		D10ABD7420A05661005296EA /* Assets.xcassets in Resources */ = {isa = PBXBuildFile; fileRef = D10ABD7320A05661005296EA /* Assets.xcassets */; };
		D10ABD7720A05661005296EA /* LaunchScreen.storyboard in Resources */ = {isa = PBXBuildFile; fileRef = D10ABD7520A05661005296EA /* LaunchScreen.storyboard */; };
		D10ABD8220A05661005296EA /* RxSwiftDemoTests.swift in Sources */ = {isa = PBXBuildFile; fileRef = D10ABD8120A05661005296EA /* RxSwiftDemoTests.swift */; };
		D10ABD8D20A05661005296EA /* RxSwiftDemoUITests.swift in Sources */ = {isa = PBXBuildFile; fileRef = D10ABD8C20A05661005296EA /* RxSwiftDemoUITests.swift */; };
		D1C6B97120A96C9E00DD481F /* SpeakerListViewModel.swift in Sources */ = {isa = PBXBuildFile; fileRef = D1C6B97020A96C9E00DD481F /* SpeakerListViewModel.swift */; };
		D1C6B97320A96D7200DD481F /* Speaker.swift in Sources */ = {isa = PBXBuildFile; fileRef = D1C6B97220A96D7200DD481F /* Speaker.swift */; };
		D1C6B97520A96EFC00DD481F /* SpeakerListViewController.swift in Sources */ = {isa = PBXBuildFile; fileRef = D1C6B97420A96EFC00DD481F /* SpeakerListViewController.swift */; };
		D1C6B97720A9763A00DD481F /* SpeakerTableViewCell.swift in Sources */ = {isa = PBXBuildFile; fileRef = D1C6B97620A9763A00DD481F /* SpeakerTableViewCell.swift */; };
/* End PBXBuildFile section */

/* Begin PBXContainerItemProxy section */
		D10ABD7E20A05661005296EA /* PBXContainerItemProxy */ = {
			isa = PBXContainerItemProxy;
			containerPortal = D10ABD6120A05661005296EA /* Project object */;
			proxyType = 1;
			remoteGlobalIDString = D10ABD6820A05661005296EA;
			remoteInfo = RxSwiftDemo;
		};
		D10ABD8920A05661005296EA /* PBXContainerItemProxy */ = {
			isa = PBXContainerItemProxy;
			containerPortal = D10ABD6120A05661005296EA /* Project object */;
			proxyType = 1;
			remoteGlobalIDString = D10ABD6820A05661005296EA;
			remoteInfo = RxSwiftDemo;
		};
/* End PBXContainerItemProxy section */

/* Begin PBXFileReference section */
		123B680B3A27D677901CE917 /* Pods-RxSwiftDemoTests.debug.xcconfig */ = {isa = PBXFileReference; includeInIndex = 1; lastKnownFileType = text.xcconfig; name = "Pods-RxSwiftDemoTests.debug.xcconfig"; path = "Pods/Target Support Files/Pods-RxSwiftDemoTests/Pods-RxSwiftDemoTests.debug.xcconfig"; sourceTree = "<group>"; };
		150BB48B3F7A2AB4F859DF5D /* Pods_RxSwiftDemo.framework */ = {isa = PBXFileReference; explicitFileType = wrapper.framework; includeInIndex = 0; path = Pods_RxSwiftDemo.framework; sourceTree = BUILT_PRODUCTS_DIR; };
		37BDE8A244C0215F2C361952 /* Pods-RxSwiftDemoUITests.debug.xcconfig */ = {isa = PBXFileReference; includeInIndex = 1; lastKnownFileType = text.xcconfig; name = "Pods-RxSwiftDemoUITests.debug.xcconfig"; path = "Pods/Target Support Files/Pods-RxSwiftDemoUITests/Pods-RxSwiftDemoUITests.debug.xcconfig"; sourceTree = "<group>"; };
		5596BCD4A1EEEB1187A01EE6 /* Pods-RxSwiftDemoTests.release.xcconfig */ = {isa = PBXFileReference; includeInIndex = 1; lastKnownFileType = text.xcconfig; name = "Pods-RxSwiftDemoTests.release.xcconfig"; path = "Pods/Target Support Files/Pods-RxSwiftDemoTests/Pods-RxSwiftDemoTests.release.xcconfig"; sourceTree = "<group>"; };
		A3DD3D1D2775CCCE6425C910 /* Pods_RxSwiftDemoUITests.framework */ = {isa = PBXFileReference; explicitFileType = wrapper.framework; includeInIndex = 0; path = Pods_RxSwiftDemoUITests.framework; sourceTree = BUILT_PRODUCTS_DIR; };
		BE0BD937F86F366A4EC70B34 /* Pods_RxSwiftDemoTests.framework */ = {isa = PBXFileReference; explicitFileType = wrapper.framework; includeInIndex = 0; path = Pods_RxSwiftDemoTests.framework; sourceTree = BUILT_PRODUCTS_DIR; };
		D10ABD6920A05661005296EA /* RxSwiftDemo.app */ = {isa = PBXFileReference; explicitFileType = wrapper.application; includeInIndex = 0; path = RxSwiftDemo.app; sourceTree = BUILT_PRODUCTS_DIR; };
		D10ABD6C20A05661005296EA /* AppDelegate.swift */ = {isa = PBXFileReference; lastKnownFileType = sourcecode.swift; path = AppDelegate.swift; sourceTree = "<group>"; };
		D10ABD6E20A05661005296EA /* ViewController.swift */ = {isa = PBXFileReference; lastKnownFileType = sourcecode.swift; path = ViewController.swift; sourceTree = "<group>"; };
		D10ABD7120A05661005296EA /* Base */ = {isa = PBXFileReference; lastKnownFileType = file.storyboard; name = Base; path = Base.lproj/Main.storyboard; sourceTree = "<group>"; };
		D10ABD7320A05661005296EA /* Assets.xcassets */ = {isa = PBXFileReference; lastKnownFileType = folder.assetcatalog; path = Assets.xcassets; sourceTree = "<group>"; };
		D10ABD7620A05661005296EA /* Base */ = {isa = PBXFileReference; lastKnownFileType = file.storyboard; name = Base; path = Base.lproj/LaunchScreen.storyboard; sourceTree = "<group>"; };
		D10ABD7820A05661005296EA /* Info.plist */ = {isa = PBXFileReference; lastKnownFileType = text.plist.xml; path = Info.plist; sourceTree = "<group>"; };
		D10ABD7D20A05661005296EA /* RxSwiftDemoTests.xctest */ = {isa = PBXFileReference; explicitFileType = wrapper.cfbundle; includeInIndex = 0; path = RxSwiftDemoTests.xctest; sourceTree = BUILT_PRODUCTS_DIR; };
		D10ABD8120A05661005296EA /* RxSwiftDemoTests.swift */ = {isa = PBXFileReference; lastKnownFileType = sourcecode.swift; path = RxSwiftDemoTests.swift; sourceTree = "<group>"; };
		D10ABD8320A05661005296EA /* Info.plist */ = {isa = PBXFileReference; lastKnownFileType = text.plist.xml; path = Info.plist; sourceTree = "<group>"; };
		D10ABD8820A05661005296EA /* RxSwiftDemoUITests.xctest */ = {isa = PBXFileReference; explicitFileType = wrapper.cfbundle; includeInIndex = 0; path = RxSwiftDemoUITests.xctest; sourceTree = BUILT_PRODUCTS_DIR; };
		D10ABD8C20A05661005296EA /* RxSwiftDemoUITests.swift */ = {isa = PBXFileReference; lastKnownFileType = sourcecode.swift; path = RxSwiftDemoUITests.swift; sourceTree = "<group>"; };
		D10ABD8E20A05661005296EA /* Info.plist */ = {isa = PBXFileReference; lastKnownFileType = text.plist.xml; path = Info.plist; sourceTree = "<group>"; };
		D1C6B97020A96C9E00DD481F /* SpeakerListViewModel.swift */ = {isa = PBXFileReference; lastKnownFileType = sourcecode.swift; path = SpeakerListViewModel.swift; sourceTree = "<group>"; };
		D1C6B97220A96D7200DD481F /* Speaker.swift */ = {isa = PBXFileReference; lastKnownFileType = sourcecode.swift; path = Speaker.swift; sourceTree = "<group>"; };
		D1C6B97420A96EFC00DD481F /* SpeakerListViewController.swift */ = {isa = PBXFileReference; lastKnownFileType = sourcecode.swift; path = SpeakerListViewController.swift; sourceTree = "<group>"; };
		D1C6B97620A9763A00DD481F /* SpeakerTableViewCell.swift */ = {isa = PBXFileReference; lastKnownFileType = sourcecode.swift; path = SpeakerTableViewCell.swift; sourceTree = "<group>"; };
		D99E828B170D50290FC877FF /* Pods-RxSwiftDemo.release.xcconfig */ = {isa = PBXFileReference; includeInIndex = 1; lastKnownFileType = text.xcconfig; name = "Pods-RxSwiftDemo.release.xcconfig"; path = "Pods/Target Support Files/Pods-RxSwiftDemo/Pods-RxSwiftDemo.release.xcconfig"; sourceTree = "<group>"; };
		F9F6FBECE7B871DFA189FE54 /* Pods-RxSwiftDemo.debug.xcconfig */ = {isa = PBXFileReference; includeInIndex = 1; lastKnownFileType = text.xcconfig; name = "Pods-RxSwiftDemo.debug.xcconfig"; path = "Pods/Target Support Files/Pods-RxSwiftDemo/Pods-RxSwiftDemo.debug.xcconfig"; sourceTree = "<group>"; };
		FECDCB0C5436BE133A4A67DA /* Pods-RxSwiftDemoUITests.release.xcconfig */ = {isa = PBXFileReference; includeInIndex = 1; lastKnownFileType = text.xcconfig; name = "Pods-RxSwiftDemoUITests.release.xcconfig"; path = "Pods/Target Support Files/Pods-RxSwiftDemoUITests/Pods-RxSwiftDemoUITests.release.xcconfig"; sourceTree = "<group>"; };
/* End PBXFileReference section */

/* Begin PBXFrameworksBuildPhase section */
		D10ABD6620A05661005296EA /* Frameworks */ = {
			isa = PBXFrameworksBuildPhase;
			buildActionMask = 2147483647;
			files = (
				9BC55B1C23D52042483B58FC /* Pods_RxSwiftDemo.framework in Frameworks */,
			);
			runOnlyForDeploymentPostprocessing = 0;
		};
		D10ABD7A20A05661005296EA /* Frameworks */ = {
			isa = PBXFrameworksBuildPhase;
			buildActionMask = 2147483647;
			files = (
				9C7A7AF2BCC6018269D312AE /* Pods_RxSwiftDemoTests.framework in Frameworks */,
			);
			runOnlyForDeploymentPostprocessing = 0;
		};
		D10ABD8520A05661005296EA /* Frameworks */ = {
			isa = PBXFrameworksBuildPhase;
			buildActionMask = 2147483647;
			files = (
				3D0B1AB88F8307B7C256DDBD /* Pods_RxSwiftDemoUITests.framework in Frameworks */,
			);
			runOnlyForDeploymentPostprocessing = 0;
		};
/* End PBXFrameworksBuildPhase section */

/* Begin PBXGroup section */
		05415C81F5DF81CEB50AAC34 /* Frameworks */ = {
			isa = PBXGroup;
			children = (
				150BB48B3F7A2AB4F859DF5D /* Pods_RxSwiftDemo.framework */,
				BE0BD937F86F366A4EC70B34 /* Pods_RxSwiftDemoTests.framework */,
				A3DD3D1D2775CCCE6425C910 /* Pods_RxSwiftDemoUITests.framework */,
			);
			name = Frameworks;
			sourceTree = "<group>";
		};
		9D41DF24EFD941AF0582C1C9 /* Pods */ = {
			isa = PBXGroup;
			children = (
				F9F6FBECE7B871DFA189FE54 /* Pods-RxSwiftDemo.debug.xcconfig */,
				D99E828B170D50290FC877FF /* Pods-RxSwiftDemo.release.xcconfig */,
				123B680B3A27D677901CE917 /* Pods-RxSwiftDemoTests.debug.xcconfig */,
				5596BCD4A1EEEB1187A01EE6 /* Pods-RxSwiftDemoTests.release.xcconfig */,
				37BDE8A244C0215F2C361952 /* Pods-RxSwiftDemoUITests.debug.xcconfig */,
				FECDCB0C5436BE133A4A67DA /* Pods-RxSwiftDemoUITests.release.xcconfig */,
			);
			name = Pods;
			sourceTree = "<group>";
		};
		D10ABD6020A05661005296EA = {
			isa = PBXGroup;
			children = (
				D10ABD6B20A05661005296EA /* RxSwiftDemo */,
				D10ABD8020A05661005296EA /* RxSwiftDemoTests */,
				D10ABD8B20A05661005296EA /* RxSwiftDemoUITests */,
				D10ABD6A20A05661005296EA /* Products */,
				9D41DF24EFD941AF0582C1C9 /* Pods */,
				05415C81F5DF81CEB50AAC34 /* Frameworks */,
			);
			sourceTree = "<group>";
		};
		D10ABD6A20A05661005296EA /* Products */ = {
			isa = PBXGroup;
			children = (
				D10ABD6920A05661005296EA /* RxSwiftDemo.app */,
				D10ABD7D20A05661005296EA /* RxSwiftDemoTests.xctest */,
				D10ABD8820A05661005296EA /* RxSwiftDemoUITests.xctest */,
			);
			name = Products;
			sourceTree = "<group>";
		};
		D10ABD6B20A05661005296EA /* RxSwiftDemo */ = {
			isa = PBXGroup;
			children = (
				D10ABD6C20A05661005296EA /* AppDelegate.swift */,
				D10ABD6E20A05661005296EA /* ViewController.swift */,
				D10ABD7020A05661005296EA /* Main.storyboard */,
				D10ABD7320A05661005296EA /* Assets.xcassets */,
				D10ABD7520A05661005296EA /* LaunchScreen.storyboard */,
				D10ABD7820A05661005296EA /* Info.plist */,
				D1C6B97020A96C9E00DD481F /* SpeakerListViewModel.swift */,
				D1C6B97420A96EFC00DD481F /* SpeakerListViewController.swift */,
				D1C6B97620A9763A00DD481F /* SpeakerTableViewCell.swift */,
				D1C6B97220A96D7200DD481F /* Speaker.swift */,
			);
			path = RxSwiftDemo;
			sourceTree = "<group>";
		};
		D10ABD8020A05661005296EA /* RxSwiftDemoTests */ = {
			isa = PBXGroup;
			children = (
				D10ABD8120A05661005296EA /* RxSwiftDemoTests.swift */,
				D10ABD8320A05661005296EA /* Info.plist */,
			);
			path = RxSwiftDemoTests;
			sourceTree = "<group>";
		};
		D10ABD8B20A05661005296EA /* RxSwiftDemoUITests */ = {
			isa = PBXGroup;
			children = (
				D10ABD8C20A05661005296EA /* RxSwiftDemoUITests.swift */,
				D10ABD8E20A05661005296EA /* Info.plist */,
			);
			path = RxSwiftDemoUITests;
			sourceTree = "<group>";
		};
/* End PBXGroup section */

/* Begin PBXNativeTarget section */
		D10ABD6820A05661005296EA /* RxSwiftDemo */ = {
			isa = PBXNativeTarget;
			buildConfigurationList = D10ABD9120A05661005296EA /* Build configuration list for PBXNativeTarget "RxSwiftDemo" */;
			buildPhases = (
				0E083D0215346BC29E8FB7D1 /* [CP] Check Pods Manifest.lock */,
				D10ABD6520A05661005296EA /* Sources */,
				D10ABD6620A05661005296EA /* Frameworks */,
				D10ABD6720A05661005296EA /* Resources */,
				E6D7A40805785F9270B7AE3C /* [CP] Embed Pods Frameworks */,
				B7029BD99AB4D3FB296EB165 /* [CP] Copy Pods Resources */,
			);
			buildRules = (
			);
			dependencies = (
			);
			name = RxSwiftDemo;
			productName = RxSwiftDemo;
			productReference = D10ABD6920A05661005296EA /* RxSwiftDemo.app */;
			productType = "com.apple.product-type.application";
		};
		D10ABD7C20A05661005296EA /* RxSwiftDemoTests */ = {
			isa = PBXNativeTarget;
			buildConfigurationList = D10ABD9420A05661005296EA /* Build configuration list for PBXNativeTarget "RxSwiftDemoTests" */;
			buildPhases = (
				226A064B4E1AB5BCFE8ED45C /* [CP] Check Pods Manifest.lock */,
				D10ABD7920A05661005296EA /* Sources */,
				D10ABD7A20A05661005296EA /* Frameworks */,
				D10ABD7B20A05661005296EA /* Resources */,
				33EF108391136FAE45957B4D /* [CP] Embed Pods Frameworks */,
				C838B870FA84D124A3D80732 /* [CP] Copy Pods Resources */,
			);
			buildRules = (
			);
			dependencies = (
				D10ABD7F20A05661005296EA /* PBXTargetDependency */,
			);
			name = RxSwiftDemoTests;
			productName = RxSwiftDemoTests;
			productReference = D10ABD7D20A05661005296EA /* RxSwiftDemoTests.xctest */;
			productType = "com.apple.product-type.bundle.unit-test";
		};
		D10ABD8720A05661005296EA /* RxSwiftDemoUITests */ = {
			isa = PBXNativeTarget;
			buildConfigurationList = D10ABD9720A05661005296EA /* Build configuration list for PBXNativeTarget "RxSwiftDemoUITests" */;
			buildPhases = (
				C6FB71B6084067054D5AAEED /* [CP] Check Pods Manifest.lock */,
				D10ABD8420A05661005296EA /* Sources */,
				D10ABD8520A05661005296EA /* Frameworks */,
				D10ABD8620A05661005296EA /* Resources */,
				6EED0F7E5C2D50452E925071 /* [CP] Embed Pods Frameworks */,
				A138413121572DF89C795F33 /* [CP] Copy Pods Resources */,
			);
			buildRules = (
			);
			dependencies = (
				D10ABD8A20A05661005296EA /* PBXTargetDependency */,
			);
			name = RxSwiftDemoUITests;
			productName = RxSwiftDemoUITests;
			productReference = D10ABD8820A05661005296EA /* RxSwiftDemoUITests.xctest */;
			productType = "com.apple.product-type.bundle.ui-testing";
		};
/* End PBXNativeTarget section */

/* Begin PBXProject section */
		D10ABD6120A05661005296EA /* Project object */ = {
			isa = PBXProject;
			attributes = {
				LastSwiftUpdateCheck = 0910;
				LastUpgradeCheck = 0910;
				ORGANIZATIONNAME = TW;
				TargetAttributes = {
					D10ABD6820A05661005296EA = {
						CreatedOnToolsVersion = 9.1;
						ProvisioningStyle = Automatic;
					};
					D10ABD7C20A05661005296EA = {
						CreatedOnToolsVersion = 9.1;
						ProvisioningStyle = Automatic;
						TestTargetID = D10ABD6820A05661005296EA;
					};
					D10ABD8720A05661005296EA = {
						CreatedOnToolsVersion = 9.1;
						ProvisioningStyle = Automatic;
						TestTargetID = D10ABD6820A05661005296EA;
					};
				};
			};
			buildConfigurationList = D10ABD6420A05661005296EA /* Build configuration list for PBXProject "RxSwiftDemo" */;
			compatibilityVersion = "Xcode 8.0";
			developmentRegion = en;
			hasScannedForEncodings = 0;
			knownRegions = (
				en,
				Base,
			);
			mainGroup = D10ABD6020A05661005296EA;
			productRefGroup = D10ABD6A20A05661005296EA /* Products */;
			projectDirPath = "";
			projectRoot = "";
			targets = (
				D10ABD6820A05661005296EA /* RxSwiftDemo */,
				D10ABD7C20A05661005296EA /* RxSwiftDemoTests */,
				D10ABD8720A05661005296EA /* RxSwiftDemoUITests */,
			);
		};
/* End PBXProject section */

/* Begin PBXResourcesBuildPhase section */
		D10ABD6720A05661005296EA /* Resources */ = {
			isa = PBXResourcesBuildPhase;
			buildActionMask = 2147483647;
			files = (
				D10ABD7720A05661005296EA /* LaunchScreen.storyboard in Resources */,
				D10ABD7420A05661005296EA /* Assets.xcassets in Resources */,
				D10ABD7220A05661005296EA /* Main.storyboard in Resources */,
			);
			runOnlyForDeploymentPostprocessing = 0;
		};
		D10ABD7B20A05661005296EA /* Resources */ = {
			isa = PBXResourcesBuildPhase;
			buildActionMask = 2147483647;
			files = (
			);
			runOnlyForDeploymentPostprocessing = 0;
		};
		D10ABD8620A05661005296EA /* Resources */ = {
			isa = PBXResourcesBuildPhase;
			buildActionMask = 2147483647;
			files = (
			);
			runOnlyForDeploymentPostprocessing = 0;
		};
/* End PBXResourcesBuildPhase section */

/* Begin PBXShellScriptBuildPhase section */
		0E083D0215346BC29E8FB7D1 /* [CP] Check Pods Manifest.lock */ = {
			isa = PBXShellScriptBuildPhase;
			buildActionMask = 2147483647;
			files = (
			);
			inputPaths = (
				"${PODS_PODFILE_DIR_PATH}/Podfile.lock",
				"${PODS_ROOT}/Manifest.lock",
			);
			name = "[CP] Check Pods Manifest.lock";
			outputPaths = (
				"$(DERIVED_FILE_DIR)/Pods-RxSwiftDemo-checkManifestLockResult.txt",
			);
			runOnlyForDeploymentPostprocessing = 0;
			shellPath = /bin/sh;
			shellScript = "diff \"${PODS_PODFILE_DIR_PATH}/Podfile.lock\" \"${PODS_ROOT}/Manifest.lock\" > /dev/null\nif [ $? != 0 ] ; then\n    # print error to STDERR\n    echo \"error: The sandbox is not in sync with the Podfile.lock. Run 'pod install' or update your CocoaPods installation.\" >&2\n    exit 1\nfi\n# This output is used by Xcode 'outputs' to avoid re-running this script phase.\necho \"SUCCESS\" > \"${SCRIPT_OUTPUT_FILE_0}\"\n";
			showEnvVarsInLog = 0;
		};
		226A064B4E1AB5BCFE8ED45C /* [CP] Check Pods Manifest.lock */ = {
			isa = PBXShellScriptBuildPhase;
			buildActionMask = 2147483647;
			files = (
			);
			inputPaths = (
				"${PODS_PODFILE_DIR_PATH}/Podfile.lock",
				"${PODS_ROOT}/Manifest.lock",
			);
			name = "[CP] Check Pods Manifest.lock";
			outputPaths = (
				"$(DERIVED_FILE_DIR)/Pods-RxSwiftDemoTests-checkManifestLockResult.txt",
			);
			runOnlyForDeploymentPostprocessing = 0;
			shellPath = /bin/sh;
			shellScript = "diff \"${PODS_PODFILE_DIR_PATH}/Podfile.lock\" \"${PODS_ROOT}/Manifest.lock\" > /dev/null\nif [ $? != 0 ] ; then\n    # print error to STDERR\n    echo \"error: The sandbox is not in sync with the Podfile.lock. Run 'pod install' or update your CocoaPods installation.\" >&2\n    exit 1\nfi\n# This output is used by Xcode 'outputs' to avoid re-running this script phase.\necho \"SUCCESS\" > \"${SCRIPT_OUTPUT_FILE_0}\"\n";
			showEnvVarsInLog = 0;
		};
		33EF108391136FAE45957B4D /* [CP] Embed Pods Frameworks */ = {
			isa = PBXShellScriptBuildPhase;
			buildActionMask = 2147483647;
			files = (
			);
			inputPaths = (
			);
			name = "[CP] Embed Pods Frameworks";
			outputPaths = (
			);
			runOnlyForDeploymentPostprocessing = 0;
			shellPath = /bin/sh;
			shellScript = "\"${SRCROOT}/Pods/Target Support Files/Pods-RxSwiftDemoTests/Pods-RxSwiftDemoTests-frameworks.sh\"\n";
			showEnvVarsInLog = 0;
		};
		6EED0F7E5C2D50452E925071 /* [CP] Embed Pods Frameworks */ = {
			isa = PBXShellScriptBuildPhase;
			buildActionMask = 2147483647;
			files = (
			);
			inputPaths = (
			);
			name = "[CP] Embed Pods Frameworks";
			outputPaths = (
			);
			runOnlyForDeploymentPostprocessing = 0;
			shellPath = /bin/sh;
			shellScript = "\"${SRCROOT}/Pods/Target Support Files/Pods-RxSwiftDemoUITests/Pods-RxSwiftDemoUITests-frameworks.sh\"\n";
			showEnvVarsInLog = 0;
		};
		A138413121572DF89C795F33 /* [CP] Copy Pods Resources */ = {
			isa = PBXShellScriptBuildPhase;
			buildActionMask = 2147483647;
			files = (
			);
			inputPaths = (
			);
			name = "[CP] Copy Pods Resources";
			outputPaths = (
			);
			runOnlyForDeploymentPostprocessing = 0;
			shellPath = /bin/sh;
			shellScript = "\"${SRCROOT}/Pods/Target Support Files/Pods-RxSwiftDemoUITests/Pods-RxSwiftDemoUITests-resources.sh\"\n";
			showEnvVarsInLog = 0;
		};
		B7029BD99AB4D3FB296EB165 /* [CP] Copy Pods Resources */ = {
			isa = PBXShellScriptBuildPhase;
			buildActionMask = 2147483647;
			files = (
			);
			inputPaths = (
			);
			name = "[CP] Copy Pods Resources";
			outputPaths = (
			);
			runOnlyForDeploymentPostprocessing = 0;
			shellPath = /bin/sh;
			shellScript = "\"${SRCROOT}/Pods/Target Support Files/Pods-RxSwiftDemo/Pods-RxSwiftDemo-resources.sh\"\n";
			showEnvVarsInLog = 0;
		};
		C6FB71B6084067054D5AAEED /* [CP] Check Pods Manifest.lock */ = {
			isa = PBXShellScriptBuildPhase;
			buildActionMask = 2147483647;
			files = (
			);
			inputPaths = (
				"${PODS_PODFILE_DIR_PATH}/Podfile.lock",
				"${PODS_ROOT}/Manifest.lock",
			);
			name = "[CP] Check Pods Manifest.lock";
			outputPaths = (
				"$(DERIVED_FILE_DIR)/Pods-RxSwiftDemoUITests-checkManifestLockResult.txt",
			);
			runOnlyForDeploymentPostprocessing = 0;
			shellPath = /bin/sh;
			shellScript = "diff \"${PODS_PODFILE_DIR_PATH}/Podfile.lock\" \"${PODS_ROOT}/Manifest.lock\" > /dev/null\nif [ $? != 0 ] ; then\n    # print error to STDERR\n    echo \"error: The sandbox is not in sync with the Podfile.lock. Run 'pod install' or update your CocoaPods installation.\" >&2\n    exit 1\nfi\n# This output is used by Xcode 'outputs' to avoid re-running this script phase.\necho \"SUCCESS\" > \"${SCRIPT_OUTPUT_FILE_0}\"\n";
			showEnvVarsInLog = 0;
		};
		C838B870FA84D124A3D80732 /* [CP] Copy Pods Resources */ = {
			isa = PBXShellScriptBuildPhase;
			buildActionMask = 2147483647;
			files = (
			);
			inputPaths = (
			);
			name = "[CP] Copy Pods Resources";
			outputPaths = (
			);
			runOnlyForDeploymentPostprocessing = 0;
			shellPath = /bin/sh;
			shellScript = "\"${SRCROOT}/Pods/Target Support Files/Pods-RxSwiftDemoTests/Pods-RxSwiftDemoTests-resources.sh\"\n";
			showEnvVarsInLog = 0;
		};
		E6D7A40805785F9270B7AE3C /* [CP] Embed Pods Frameworks */ = {
			isa = PBXShellScriptBuildPhase;
			buildActionMask = 2147483647;
			files = (
			);
			inputPaths = (
				"${SRCROOT}/Pods/Target Support Files/Pods-RxSwiftDemo/Pods-RxSwiftDemo-frameworks.sh",
				"${BUILT_PRODUCTS_DIR}/RxCocoa/RxCocoa.framework",
				"${BUILT_PRODUCTS_DIR}/RxSwift/RxSwift.framework",
			);
			name = "[CP] Embed Pods Frameworks";
			outputPaths = (
				"${TARGET_BUILD_DIR}/${FRAMEWORKS_FOLDER_PATH}/RxCocoa.framework",
				"${TARGET_BUILD_DIR}/${FRAMEWORKS_FOLDER_PATH}/RxSwift.framework",
			);
			runOnlyForDeploymentPostprocessing = 0;
			shellPath = /bin/sh;
			shellScript = "\"${SRCROOT}/Pods/Target Support Files/Pods-RxSwiftDemo/Pods-RxSwiftDemo-frameworks.sh\"\n";
			showEnvVarsInLog = 0;
		};
/* End PBXShellScriptBuildPhase section */

/* Begin PBXSourcesBuildPhase section */
		D10ABD6520A05661005296EA /* Sources */ = {
			isa = PBXSourcesBuildPhase;
			buildActionMask = 2147483647;
			files = (
				D10ABD6F20A05661005296EA /* ViewController.swift in Sources */,
				D1C6B97720A9763A00DD481F /* SpeakerTableViewCell.swift in Sources */,
				D10ABD6D20A05661005296EA /* AppDelegate.swift in Sources */,
				D1C6B97520A96EFC00DD481F /* SpeakerListViewController.swift in Sources */,
				D1C6B97120A96C9E00DD481F /* SpeakerListViewModel.swift in Sources */,
				D1C6B97320A96D7200DD481F /* Speaker.swift in Sources */,
			);
			runOnlyForDeploymentPostprocessing = 0;
		};
		D10ABD7920A05661005296EA /* Sources */ = {
			isa = PBXSourcesBuildPhase;
			buildActionMask = 2147483647;
			files = (
				D10ABD8220A05661005296EA /* RxSwiftDemoTests.swift in Sources */,
			);
			runOnlyForDeploymentPostprocessing = 0;
		};
		D10ABD8420A05661005296EA /* Sources */ = {
			isa = PBXSourcesBuildPhase;
			buildActionMask = 2147483647;
			files = (
				D10ABD8D20A05661005296EA /* RxSwiftDemoUITests.swift in Sources */,
			);
			runOnlyForDeploymentPostprocessing = 0;
		};
/* End PBXSourcesBuildPhase section */

/* Begin PBXTargetDependency section */
		D10ABD7F20A05661005296EA /* PBXTargetDependency */ = {
			isa = PBXTargetDependency;
			target = D10ABD6820A05661005296EA /* RxSwiftDemo */;
			targetProxy = D10ABD7E20A05661005296EA /* PBXContainerItemProxy */;
		};
		D10ABD8A20A05661005296EA /* PBXTargetDependency */ = {
			isa = PBXTargetDependency;
			target = D10ABD6820A05661005296EA /* RxSwiftDemo */;
			targetProxy = D10ABD8920A05661005296EA /* PBXContainerItemProxy */;
		};
/* End PBXTargetDependency section */

/* Begin PBXVariantGroup section */
		D10ABD7020A05661005296EA /* Main.storyboard */ = {
			isa = PBXVariantGroup;
			children = (
				D10ABD7120A05661005296EA /* Base */,
			);
			name = Main.storyboard;
			sourceTree = "<group>";
		};
		D10ABD7520A05661005296EA /* LaunchScreen.storyboard */ = {
			isa = PBXVariantGroup;
			children = (
				D10ABD7620A05661005296EA /* Base */,
			);
			name = LaunchScreen.storyboard;
			sourceTree = "<group>";
		};
/* End PBXVariantGroup section */

/* Begin XCBuildConfiguration section */
		D10ABD8F20A05661005296EA /* Debug */ = {
			isa = XCBuildConfiguration;
			buildSettings = {
				ALWAYS_SEARCH_USER_PATHS = NO;
				CLANG_ANALYZER_NONNULL = YES;
				CLANG_ANALYZER_NUMBER_OBJECT_CONVERSION = YES_AGGRESSIVE;
				CLANG_CXX_LANGUAGE_STANDARD = "gnu++14";
				CLANG_CXX_LIBRARY = "libc++";
				CLANG_ENABLE_MODULES = YES;
				CLANG_ENABLE_OBJC_ARC = YES;
				CLANG_WARN_BLOCK_CAPTURE_AUTORELEASING = YES;
				CLANG_WARN_BOOL_CONVERSION = YES;
				CLANG_WARN_COMMA = YES;
				CLANG_WARN_CONSTANT_CONVERSION = YES;
				CLANG_WARN_DIRECT_OBJC_ISA_USAGE = YES_ERROR;
				CLANG_WARN_DOCUMENTATION_COMMENTS = YES;
				CLANG_WARN_EMPTY_BODY = YES;
				CLANG_WARN_ENUM_CONVERSION = YES;
				CLANG_WARN_INFINITE_RECURSION = YES;
				CLANG_WARN_INT_CONVERSION = YES;
				CLANG_WARN_NON_LITERAL_NULL_CONVERSION = YES;
				CLANG_WARN_OBJC_LITERAL_CONVERSION = YES;
				CLANG_WARN_OBJC_ROOT_CLASS = YES_ERROR;
				CLANG_WARN_RANGE_LOOP_ANALYSIS = YES;
				CLANG_WARN_STRICT_PROTOTYPES = YES;
				CLANG_WARN_SUSPICIOUS_MOVE = YES;
				CLANG_WARN_UNGUARDED_AVAILABILITY = YES_AGGRESSIVE;
				CLANG_WARN_UNREACHABLE_CODE = YES;
				CLANG_WARN__DUPLICATE_METHOD_MATCH = YES;
				CODE_SIGN_IDENTITY = "iPhone Developer";
				COPY_PHASE_STRIP = NO;
				DEBUG_INFORMATION_FORMAT = dwarf;
				ENABLE_STRICT_OBJC_MSGSEND = YES;
				ENABLE_TESTABILITY = YES;
				GCC_C_LANGUAGE_STANDARD = gnu11;
				GCC_DYNAMIC_NO_PIC = NO;
				GCC_NO_COMMON_BLOCKS = YES;
				GCC_OPTIMIZATION_LEVEL = 0;
				GCC_PREPROCESSOR_DEFINITIONS = (
					"DEBUG=1",
					"$(inherited)",
				);
				GCC_WARN_64_TO_32_BIT_CONVERSION = YES;
				GCC_WARN_ABOUT_RETURN_TYPE = YES_ERROR;
				GCC_WARN_UNDECLARED_SELECTOR = YES;
				GCC_WARN_UNINITIALIZED_AUTOS = YES_AGGRESSIVE;
				GCC_WARN_UNUSED_FUNCTION = YES;
				GCC_WARN_UNUSED_VARIABLE = YES;
				IPHONEOS_DEPLOYMENT_TARGET = 11.1;
				MTL_ENABLE_DEBUG_INFO = YES;
				ONLY_ACTIVE_ARCH = YES;
				SDKROOT = iphoneos;
				SWIFT_ACTIVE_COMPILATION_CONDITIONS = DEBUG;
				SWIFT_OPTIMIZATION_LEVEL = "-Onone";
			};
			name = Debug;
		};
		D10ABD9020A05661005296EA /* Release */ = {
			isa = XCBuildConfiguration;
			buildSettings = {
				ALWAYS_SEARCH_USER_PATHS = NO;
				CLANG_ANALYZER_NONNULL = YES;
				CLANG_ANALYZER_NUMBER_OBJECT_CONVERSION = YES_AGGRESSIVE;
				CLANG_CXX_LANGUAGE_STANDARD = "gnu++14";
				CLANG_CXX_LIBRARY = "libc++";
				CLANG_ENABLE_MODULES = YES;
				CLANG_ENABLE_OBJC_ARC = YES;
				CLANG_WARN_BLOCK_CAPTURE_AUTORELEASING = YES;
				CLANG_WARN_BOOL_CONVERSION = YES;
				CLANG_WARN_COMMA = YES;
				CLANG_WARN_CONSTANT_CONVERSION = YES;
				CLANG_WARN_DIRECT_OBJC_ISA_USAGE = YES_ERROR;
				CLANG_WARN_DOCUMENTATION_COMMENTS = YES;
				CLANG_WARN_EMPTY_BODY = YES;
				CLANG_WARN_ENUM_CONVERSION = YES;
				CLANG_WARN_INFINITE_RECURSION = YES;
				CLANG_WARN_INT_CONVERSION = YES;
				CLANG_WARN_NON_LITERAL_NULL_CONVERSION = YES;
				CLANG_WARN_OBJC_LITERAL_CONVERSION = YES;
				CLANG_WARN_OBJC_ROOT_CLASS = YES_ERROR;
				CLANG_WARN_RANGE_LOOP_ANALYSIS = YES;
				CLANG_WARN_STRICT_PROTOTYPES = YES;
				CLANG_WARN_SUSPICIOUS_MOVE = YES;
				CLANG_WARN_UNGUARDED_AVAILABILITY = YES_AGGRESSIVE;
				CLANG_WARN_UNREACHABLE_CODE = YES;
				CLANG_WARN__DUPLICATE_METHOD_MATCH = YES;
				CODE_SIGN_IDENTITY = "iPhone Developer";
				COPY_PHASE_STRIP = NO;
				DEBUG_INFORMATION_FORMAT = "dwarf-with-dsym";
				ENABLE_NS_ASSERTIONS = NO;
				ENABLE_STRICT_OBJC_MSGSEND = YES;
				GCC_C_LANGUAGE_STANDARD = gnu11;
				GCC_NO_COMMON_BLOCKS = YES;
				GCC_WARN_64_TO_32_BIT_CONVERSION = YES;
				GCC_WARN_ABOUT_RETURN_TYPE = YES_ERROR;
				GCC_WARN_UNDECLARED_SELECTOR = YES;
				GCC_WARN_UNINITIALIZED_AUTOS = YES_AGGRESSIVE;
				GCC_WARN_UNUSED_FUNCTION = YES;
				GCC_WARN_UNUSED_VARIABLE = YES;
				IPHONEOS_DEPLOYMENT_TARGET = 11.1;
				MTL_ENABLE_DEBUG_INFO = NO;
				SDKROOT = iphoneos;
				SWIFT_OPTIMIZATION_LEVEL = "-Owholemodule";
				VALIDATE_PRODUCT = YES;
			};
			name = Release;
		};
		D10ABD9220A05661005296EA /* Debug */ = {
			isa = XCBuildConfiguration;
			baseConfigurationReference = F9F6FBECE7B871DFA189FE54 /* Pods-RxSwiftDemo.debug.xcconfig */;
			buildSettings = {
				ASSETCATALOG_COMPILER_APPICON_NAME = AppIcon;
				CODE_SIGN_STYLE = Automatic;
				INFOPLIST_FILE = RxSwiftDemo/Info.plist;
				LD_RUNPATH_SEARCH_PATHS = "$(inherited) @executable_path/Frameworks";
				PRODUCT_BUNDLE_IDENTIFIER = "-23.RxSwiftDemo";
				PRODUCT_NAME = "$(TARGET_NAME)";
				SWIFT_VERSION = 4.0;
				TARGETED_DEVICE_FAMILY = "1,2";
			};
			name = Debug;
		};
		D10ABD9320A05661005296EA /* Release */ = {
			isa = XCBuildConfiguration;
			baseConfigurationReference = D99E828B170D50290FC877FF /* Pods-RxSwiftDemo.release.xcconfig */;
			buildSettings = {
				ASSETCATALOG_COMPILER_APPICON_NAME = AppIcon;
				CODE_SIGN_STYLE = Automatic;
				INFOPLIST_FILE = RxSwiftDemo/Info.plist;
				LD_RUNPATH_SEARCH_PATHS = "$(inherited) @executable_path/Frameworks";
				PRODUCT_BUNDLE_IDENTIFIER = "-23.RxSwiftDemo";
				PRODUCT_NAME = "$(TARGET_NAME)";
				SWIFT_VERSION = 4.0;
				TARGETED_DEVICE_FAMILY = "1,2";
			};
			name = Release;
		};
		D10ABD9520A05661005296EA /* Debug */ = {
			isa = XCBuildConfiguration;
			baseConfigurationReference = 123B680B3A27D677901CE917 /* Pods-RxSwiftDemoTests.debug.xcconfig */;
			buildSettings = {
				ALWAYS_EMBED_SWIFT_STANDARD_LIBRARIES = YES;
				BUNDLE_LOADER = "$(TEST_HOST)";
				CODE_SIGN_STYLE = Automatic;
				INFOPLIST_FILE = RxSwiftDemoTests/Info.plist;
				LD_RUNPATH_SEARCH_PATHS = "$(inherited) @executable_path/Frameworks @loader_path/Frameworks";
				PRODUCT_BUNDLE_IDENTIFIER = "-23.RxSwiftDemoTests";
				PRODUCT_NAME = "$(TARGET_NAME)";
				SWIFT_VERSION = 4.0;
				TARGETED_DEVICE_FAMILY = "1,2";
				TEST_HOST = "$(BUILT_PRODUCTS_DIR)/RxSwiftDemo.app/RxSwiftDemo";
			};
			name = Debug;
		};
		D10ABD9620A05661005296EA /* Release */ = {
			isa = XCBuildConfiguration;
			baseConfigurationReference = 5596BCD4A1EEEB1187A01EE6 /* Pods-RxSwiftDemoTests.release.xcconfig */;
			buildSettings = {
				ALWAYS_EMBED_SWIFT_STANDARD_LIBRARIES = YES;
				BUNDLE_LOADER = "$(TEST_HOST)";
				CODE_SIGN_STYLE = Automatic;
				INFOPLIST_FILE = RxSwiftDemoTests/Info.plist;
				LD_RUNPATH_SEARCH_PATHS = "$(inherited) @executable_path/Frameworks @loader_path/Frameworks";
				PRODUCT_BUNDLE_IDENTIFIER = "-23.RxSwiftDemoTests";
				PRODUCT_NAME = "$(TARGET_NAME)";
				SWIFT_VERSION = 4.0;
				TARGETED_DEVICE_FAMILY = "1,2";
				TEST_HOST = "$(BUILT_PRODUCTS_DIR)/RxSwiftDemo.app/RxSwiftDemo";
			};
			name = Release;
		};
		D10ABD9820A05661005296EA /* Debug */ = {
			isa = XCBuildConfiguration;
			baseConfigurationReference = 37BDE8A244C0215F2C361952 /* Pods-RxSwiftDemoUITests.debug.xcconfig */;
			buildSettings = {
				ALWAYS_EMBED_SWIFT_STANDARD_LIBRARIES = YES;
				CODE_SIGN_STYLE = Automatic;
				INFOPLIST_FILE = RxSwiftDemoUITests/Info.plist;
				LD_RUNPATH_SEARCH_PATHS = "$(inherited) @executable_path/Frameworks @loader_path/Frameworks";
				PRODUCT_BUNDLE_IDENTIFIER = "-23.RxSwiftDemoUITests";
				PRODUCT_NAME = "$(TARGET_NAME)";
				SWIFT_VERSION = 4.0;
				TARGETED_DEVICE_FAMILY = "1,2";
				TEST_TARGET_NAME = RxSwiftDemo;
			};
			name = Debug;
		};
		D10ABD9920A05661005296EA /* Release */ = {
			isa = XCBuildConfiguration;
			baseConfigurationReference = FECDCB0C5436BE133A4A67DA /* Pods-RxSwiftDemoUITests.release.xcconfig */;
			buildSettings = {
				ALWAYS_EMBED_SWIFT_STANDARD_LIBRARIES = YES;
				CODE_SIGN_STYLE = Automatic;
				INFOPLIST_FILE = RxSwiftDemoUITests/Info.plist;
				LD_RUNPATH_SEARCH_PATHS = "$(inherited) @executable_path/Frameworks @loader_path/Frameworks";
				PRODUCT_BUNDLE_IDENTIFIER = "-23.RxSwiftDemoUITests";
				PRODUCT_NAME = "$(TARGET_NAME)";
				SWIFT_VERSION = 4.0;
				TARGETED_DEVICE_FAMILY = "1,2";
				TEST_TARGET_NAME = RxSwiftDemo;
			};
			name = Release;
		};
/* End XCBuildConfiguration section */

/* Begin XCConfigurationList section */
		D10ABD6420A05661005296EA /* Build configuration list for PBXProject "RxSwiftDemo" */ = {
			isa = XCConfigurationList;
			buildConfigurations = (
				D10ABD8F20A05661005296EA /* Debug */,
				D10ABD9020A05661005296EA /* Release */,
			);
			defaultConfigurationIsVisible = 0;
			defaultConfigurationName = Release;
		};
		D10ABD9120A05661005296EA /* Build configuration list for PBXNativeTarget "RxSwiftDemo" */ = {
			isa = XCConfigurationList;
			buildConfigurations = (
				D10ABD9220A05661005296EA /* Debug */,
				D10ABD9320A05661005296EA /* Release */,
			);
			defaultConfigurationIsVisible = 0;
			defaultConfigurationName = Release;
		};
		D10ABD9420A05661005296EA /* Build configuration list for PBXNativeTarget "RxSwiftDemoTests" */ = {
			isa = XCConfigurationList;
			buildConfigurations = (
				D10ABD9520A05661005296EA /* Debug */,
				D10ABD9620A05661005296EA /* Release */,
			);
			defaultConfigurationIsVisible = 0;
			defaultConfigurationName = Release;
		};
		D10ABD9720A05661005296EA /* Build configuration list for PBXNativeTarget "RxSwiftDemoUITests" */ = {
			isa = XCConfigurationList;
			buildConfigurations = (
				D10ABD9820A05661005296EA /* Debug */,
				D10ABD9920A05661005296EA /* Release */,
			);
			defaultConfigurationIsVisible = 0;
			defaultConfigurationName = Release;
		};
/* End XCConfigurationList section */
	};
	rootObject = D10ABD6120A05661005296EA /* Project object */;
}
