// !$*UTF8*$!
{
	archiveVersion = 1;
	classes = {
	};
	objectVersion = 48;
	objects = {

/* Begin PBXBuildFile section */
		D12B3FB51F7A374A0077CD8D /* AppDelegate.swift in Sources */ = {isa = PBXBuildFile; fileRef = D12B3FB41F7A374A0077CD8D /* AppDelegate.swift */; };
		D12B3FB71F7A374A0077CD8D /* ViewController.swift in Sources */ = {isa = PBXBuildFile; fileRef = D12B3FB61F7A374A0077CD8D /* ViewController.swift */; };
		D12B3FBA1F7A374A0077CD8D /* Main.storyboard in Resources */ = {isa = PBXBuildFile; fileRef = D12B3FB81F7A374A0077CD8D /* Main.storyboard */; };
		D12B3FBC1F7A374A0077CD8D /* Assets.xcassets in Resources */ = {isa = PBXBuildFile; fileRef = D12B3FBB1F7A374A0077CD8D /* Assets.xcassets */; };
		D12B3FBF1F7A374A0077CD8D /* LaunchScreen.storyboard in Resources */ = {isa = PBXBuildFile; fileRef = D12B3FBD1F7A374A0077CD8D /* LaunchScreen.storyboard */; };
		D12B3FCA1F7A374A0077CD8D /* iOS11Tests.swift in Sources */ = {isa = PBXBuildFile; fileRef = D12B3FC91F7A374A0077CD8D /* iOS11Tests.swift */; };
		D12B3FD51F7A374A0077CD8D /* iOS11UITests.swift in Sources */ = {isa = PBXBuildFile; fileRef = D12B3FD41F7A374A0077CD8D /* iOS11UITests.swift */; };
		D13406931FCE8E01006DB541 /* TTTAttributedLabel.m in Sources */ = {isa = PBXBuildFile; fileRef = D13406921FCE8E01006DB541 /* TTTAttributedLabel.m */; };
/* End PBXBuildFile section */

/* Begin PBXContainerItemProxy section */
		D12B3FC61F7A374A0077CD8D /* PBXContainerItemProxy */ = {
			isa = PBXContainerItemProxy;
			containerPortal = D12B3FA91F7A374A0077CD8D /* Project object */;
			proxyType = 1;
			remoteGlobalIDString = D12B3FB01F7A374A0077CD8D;
			remoteInfo = iOS11;
		};
		D12B3FD11F7A374A0077CD8D /* PBXContainerItemProxy */ = {
			isa = PBXContainerItemProxy;
			containerPortal = D12B3FA91F7A374A0077CD8D /* Project object */;
			proxyType = 1;
			remoteGlobalIDString = D12B3FB01F7A374A0077CD8D;
			remoteInfo = iOS11;
		};
/* End PBXContainerItemProxy section */

/* Begin PBXFileReference section */
		D12B3FB11F7A374A0077CD8D /* iOS11.app */ = {isa = PBXFileReference; explicitFileType = wrapper.application; includeInIndex = 0; path = iOS11.app; sourceTree = BUILT_PRODUCTS_DIR; };
		D12B3FB41F7A374A0077CD8D /* AppDelegate.swift */ = {isa = PBXFileReference; lastKnownFileType = sourcecode.swift; path = AppDelegate.swift; sourceTree = "<group>"; };
		D12B3FB61F7A374A0077CD8D /* ViewController.swift */ = {isa = PBXFileReference; lastKnownFileType = sourcecode.swift; path = ViewController.swift; sourceTree = "<group>"; };
		D12B3FB91F7A374A0077CD8D /* Base */ = {isa = PBXFileReference; lastKnownFileType = file.storyboard; name = Base; path = Base.lproj/Main.storyboard; sourceTree = "<group>"; };
		D12B3FBB1F7A374A0077CD8D /* Assets.xcassets */ = {isa = PBXFileReference; lastKnownFileType = folder.assetcatalog; path = Assets.xcassets; sourceTree = "<group>"; };
		D12B3FBE1F7A374A0077CD8D /* Base */ = {isa = PBXFileReference; lastKnownFileType = file.storyboard; name = Base; path = Base.lproj/LaunchScreen.storyboard; sourceTree = "<group>"; };
		D12B3FC01F7A374A0077CD8D /* Info.plist */ = {isa = PBXFileReference; lastKnownFileType = text.plist.xml; path = Info.plist; sourceTree = "<group>"; };
		D12B3FC51F7A374A0077CD8D /* iOS11Tests.xctest */ = {isa = PBXFileReference; explicitFileType = wrapper.cfbundle; includeInIndex = 0; path = iOS11Tests.xctest; sourceTree = BUILT_PRODUCTS_DIR; };
		D12B3FC91F7A374A0077CD8D /* iOS11Tests.swift */ = {isa = PBXFileReference; lastKnownFileType = sourcecode.swift; path = iOS11Tests.swift; sourceTree = "<group>"; };
		D12B3FCB1F7A374A0077CD8D /* Info.plist */ = {isa = PBXFileReference; lastKnownFileType = text.plist.xml; path = Info.plist; sourceTree = "<group>"; };
		D12B3FD01F7A374A0077CD8D /* iOS11UITests.xctest */ = {isa = PBXFileReference; explicitFileType = wrapper.cfbundle; includeInIndex = 0; path = iOS11UITests.xctest; sourceTree = BUILT_PRODUCTS_DIR; };
		D12B3FD41F7A374A0077CD8D /* iOS11UITests.swift */ = {isa = PBXFileReference; lastKnownFileType = sourcecode.swift; path = iOS11UITests.swift; sourceTree = "<group>"; };
		D12B3FD61F7A374A0077CD8D /* Info.plist */ = {isa = PBXFileReference; lastKnownFileType = text.plist.xml; path = Info.plist; sourceTree = "<group>"; };
		D13406911FCE8E01006DB541 /* TTTAttributedLabel.h */ = {isa = PBXFileReference; fileEncoding = 4; lastKnownFileType = sourcecode.c.h; path = TTTAttributedLabel.h; sourceTree = "<group>"; };
		D13406921FCE8E01006DB541 /* TTTAttributedLabel.m */ = {isa = PBXFileReference; fileEncoding = 4; lastKnownFileType = sourcecode.c.objc; path = TTTAttributedLabel.m; sourceTree = "<group>"; };
/* End PBXFileReference section */

/* Begin PBXFrameworksBuildPhase section */
		D12B3FAE1F7A374A0077CD8D /* Frameworks */ = {
			isa = PBXFrameworksBuildPhase;
			buildActionMask = 2147483647;
			files = (
			);
			runOnlyForDeploymentPostprocessing = 0;
		};
		D12B3FC21F7A374A0077CD8D /* Frameworks */ = {
			isa = PBXFrameworksBuildPhase;
			buildActionMask = 2147483647;
			files = (
			);
			runOnlyForDeploymentPostprocessing = 0;
		};
		D12B3FCD1F7A374A0077CD8D /* Frameworks */ = {
			isa = PBXFrameworksBuildPhase;
			buildActionMask = 2147483647;
			files = (
			);
			runOnlyForDeploymentPostprocessing = 0;
		};
/* End PBXFrameworksBuildPhase section */

/* Begin PBXGroup section */
		D12B3FA81F7A374A0077CD8D = {
			isa = PBXGroup;
			children = (
				D12B3FB31F7A374A0077CD8D /* iOS11 */,
				D12B3FC81F7A374A0077CD8D /* iOS11Tests */,
				D12B3FD31F7A374A0077CD8D /* iOS11UITests */,
				D12B3FB21F7A374A0077CD8D /* Products */,
			);
			sourceTree = "<group>";
		};
		D12B3FB21F7A374A0077CD8D /* Products */ = {
			isa = PBXGroup;
			children = (
				D12B3FB11F7A374A0077CD8D /* iOS11.app */,
				D12B3FC51F7A374A0077CD8D /* iOS11Tests.xctest */,
				D12B3FD01F7A374A0077CD8D /* iOS11UITests.xctest */,
			);
			name = Products;
			sourceTree = "<group>";
		};
		D12B3FB31F7A374A0077CD8D /* iOS11 */ = {
			isa = PBXGroup;
			children = (
				D12B3FB41F7A374A0077CD8D /* AppDelegate.swift */,
				D12B3FB61F7A374A0077CD8D /* ViewController.swift */,
				D13406901FCE8E01006DB541 /* TTTAttributedLabel */,
				D12B3FB81F7A374A0077CD8D /* Main.storyboard */,
				D12B3FBB1F7A374A0077CD8D /* Assets.xcassets */,
				D12B3FBD1F7A374A0077CD8D /* LaunchScreen.storyboard */,
				D12B3FC01F7A374A0077CD8D /* Info.plist */,
			);
			path = iOS11;
			sourceTree = "<group>";
		};
		D12B3FC81F7A374A0077CD8D /* iOS11Tests */ = {
			isa = PBXGroup;
			children = (
				D12B3FC91F7A374A0077CD8D /* iOS11Tests.swift */,
				D12B3FCB1F7A374A0077CD8D /* Info.plist */,
			);
			path = iOS11Tests;
			sourceTree = "<group>";
		};
		D12B3FD31F7A374A0077CD8D /* iOS11UITests */ = {
			isa = PBXGroup;
			children = (
				D12B3FD41F7A374A0077CD8D /* iOS11UITests.swift */,
				D12B3FD61F7A374A0077CD8D /* Info.plist */,
			);
			path = iOS11UITests;
			sourceTree = "<group>";
		};
		D13406901FCE8E01006DB541 /* TTTAttributedLabel */ = {
			isa = PBXGroup;
			children = (
				D13406911FCE8E01006DB541 /* TTTAttributedLabel.h */,
				D13406921FCE8E01006DB541 /* TTTAttributedLabel.m */,
			);
			path = TTTAttributedLabel;
			sourceTree = "<group>";
		};
/* End PBXGroup section */

/* Begin PBXNativeTarget section */
		D12B3FB01F7A374A0077CD8D /* iOS11 */ = {
			isa = PBXNativeTarget;
			buildConfigurationList = D12B3FD91F7A374A0077CD8D /* Build configuration list for PBXNativeTarget "iOS11" */;
			buildPhases = (
				D12B3FAD1F7A374A0077CD8D /* Sources */,
				D12B3FAE1F7A374A0077CD8D /* Frameworks */,
				D12B3FAF1F7A374A0077CD8D /* Resources */,
			);
			buildRules = (
			);
			dependencies = (
			);
			name = iOS11;
			productName = iOS11;
			productReference = D12B3FB11F7A374A0077CD8D /* iOS11.app */;
			productType = "com.apple.product-type.application";
		};
		D12B3FC41F7A374A0077CD8D /* iOS11Tests */ = {
			isa = PBXNativeTarget;
			buildConfigurationList = D12B3FDC1F7A374A0077CD8D /* Build configuration list for PBXNativeTarget "iOS11Tests" */;
			buildPhases = (
				D12B3FC11F7A374A0077CD8D /* Sources */,
				D12B3FC21F7A374A0077CD8D /* Frameworks */,
				D12B3FC31F7A374A0077CD8D /* Resources */,
			);
			buildRules = (
			);
			dependencies = (
				D12B3FC71F7A374A0077CD8D /* PBXTargetDependency */,
			);
			name = iOS11Tests;
			productName = iOS11Tests;
			productReference = D12B3FC51F7A374A0077CD8D /* iOS11Tests.xctest */;
			productType = "com.apple.product-type.bundle.unit-test";
		};
		D12B3FCF1F7A374A0077CD8D /* iOS11UITests */ = {
			isa = PBXNativeTarget;
			buildConfigurationList = D12B3FDF1F7A374A0077CD8D /* Build configuration list for PBXNativeTarget "iOS11UITests" */;
			buildPhases = (
				D12B3FCC1F7A374A0077CD8D /* Sources */,
				D12B3FCD1F7A374A0077CD8D /* Frameworks */,
				D12B3FCE1F7A374A0077CD8D /* Resources */,
			);
			buildRules = (
			);
			dependencies = (
				D12B3FD21F7A374A0077CD8D /* PBXTargetDependency */,
			);
			name = iOS11UITests;
			productName = iOS11UITests;
			productReference = D12B3FD01F7A374A0077CD8D /* iOS11UITests.xctest */;
			productType = "com.apple.product-type.bundle.ui-testing";
		};
/* End PBXNativeTarget section */

/* Begin PBXProject section */
		D12B3FA91F7A374A0077CD8D /* Project object */ = {
			isa = PBXProject;
			attributes = {
				LastSwiftUpdateCheck = 0900;
				LastUpgradeCheck = 0900;
				ORGANIZATIONNAME = TW;
				TargetAttributes = {
					D12B3FB01F7A374A0077CD8D = {
						CreatedOnToolsVersion = 9.0;
						ProvisioningStyle = Automatic;
					};
					D12B3FC41F7A374A0077CD8D = {
						CreatedOnToolsVersion = 9.0;
						ProvisioningStyle = Automatic;
						TestTargetID = D12B3FB01F7A374A0077CD8D;
					};
					D12B3FCF1F7A374A0077CD8D = {
						CreatedOnToolsVersion = 9.0;
						ProvisioningStyle = Automatic;
						TestTargetID = D12B3FB01F7A374A0077CD8D;
					};
				};
			};
			buildConfigurationList = D12B3FAC1F7A374A0077CD8D /* Build configuration list for PBXProject "iOS11" */;
			compatibilityVersion = "Xcode 8.0";
			developmentRegion = en;
			hasScannedForEncodings = 0;
			knownRegions = (
				en,
				Base,
			);
			mainGroup = D12B3FA81F7A374A0077CD8D;
			productRefGroup = D12B3FB21F7A374A0077CD8D /* Products */;
			projectDirPath = "";
			projectRoot = "";
			targets = (
				D12B3FB01F7A374A0077CD8D /* iOS11 */,
				D12B3FC41F7A374A0077CD8D /* iOS11Tests */,
				D12B3FCF1F7A374A0077CD8D /* iOS11UITests */,
			);
		};
/* End PBXProject section */

/* Begin PBXResourcesBuildPhase section */
		D12B3FAF1F7A374A0077CD8D /* Resources */ = {
			isa = PBXResourcesBuildPhase;
			buildActionMask = 2147483647;
			files = (
				D12B3FBF1F7A374A0077CD8D /* LaunchScreen.storyboard in Resources */,
				D12B3FBC1F7A374A0077CD8D /* Assets.xcassets in Resources */,
				D12B3FBA1F7A374A0077CD8D /* Main.storyboard in Resources */,
			);
			runOnlyForDeploymentPostprocessing = 0;
		};
		D12B3FC31F7A374A0077CD8D /* Resources */ = {
			isa = PBXResourcesBuildPhase;
			buildActionMask = 2147483647;
			files = (
			);
			runOnlyForDeploymentPostprocessing = 0;
		};
		D12B3FCE1F7A374A0077CD8D /* Resources */ = {
			isa = PBXResourcesBuildPhase;
			buildActionMask = 2147483647;
			files = (
			);
			runOnlyForDeploymentPostprocessing = 0;
		};
/* End PBXResourcesBuildPhase section */

/* Begin PBXSourcesBuildPhase section */
		D12B3FAD1F7A374A0077CD8D /* Sources */ = {
			isa = PBXSourcesBuildPhase;
			buildActionMask = 2147483647;
			files = (
				D12B3FB71F7A374A0077CD8D /* ViewController.swift in Sources */,
				D12B3FB51F7A374A0077CD8D /* AppDelegate.swift in Sources */,
				D13406931FCE8E01006DB541 /* TTTAttributedLabel.m in Sources */,
			);
			runOnlyForDeploymentPostprocessing = 0;
		};
		D12B3FC11F7A374A0077CD8D /* Sources */ = {
			isa = PBXSourcesBuildPhase;
			buildActionMask = 2147483647;
			files = (
				D12B3FCA1F7A374A0077CD8D /* iOS11Tests.swift in Sources */,
			);
			runOnlyForDeploymentPostprocessing = 0;
		};
		D12B3FCC1F7A374A0077CD8D /* Sources */ = {
			isa = PBXSourcesBuildPhase;
			buildActionMask = 2147483647;
			files = (
				D12B3FD51F7A374A0077CD8D /* iOS11UITests.swift in Sources */,
			);
			runOnlyForDeploymentPostprocessing = 0;
		};
/* End PBXSourcesBuildPhase section */

/* Begin PBXTargetDependency section */
		D12B3FC71F7A374A0077CD8D /* PBXTargetDependency */ = {
			isa = PBXTargetDependency;
			target = D12B3FB01F7A374A0077CD8D /* iOS11 */;
			targetProxy = D12B3FC61F7A374A0077CD8D /* PBXContainerItemProxy */;
		};
		D12B3FD21F7A374A0077CD8D /* PBXTargetDependency */ = {
			isa = PBXTargetDependency;
			target = D12B3FB01F7A374A0077CD8D /* iOS11 */;
			targetProxy = D12B3FD11F7A374A0077CD8D /* PBXContainerItemProxy */;
		};
/* End PBXTargetDependency section */

/* Begin PBXVariantGroup section */
		D12B3FB81F7A374A0077CD8D /* Main.storyboard */ = {
			isa = PBXVariantGroup;
			children = (
				D12B3FB91F7A374A0077CD8D /* Base */,
			);
			name = Main.storyboard;
			sourceTree = "<group>";
		};
		D12B3FBD1F7A374A0077CD8D /* LaunchScreen.storyboard */ = {
			isa = PBXVariantGroup;
			children = (
				D12B3FBE1F7A374A0077CD8D /* Base */,
			);
			name = LaunchScreen.storyboard;
			sourceTree = "<group>";
		};
/* End PBXVariantGroup section */

/* Begin XCBuildConfiguration section */
		D12B3FD71F7A374A0077CD8D /* Debug */ = {
			isa = XCBuildConfiguration;
			buildSettings = {
				ALWAYS_SEARCH_USER_PATHS = NO;
				CLANG_ANALYZER_NONNULL = YES;
				CLANG_ANALYZER_NUMBER_OBJECT_CONVERSION = YES_AGGRESSIVE;
				CLANG_CXX_LANGUAGE_STANDARD = "gnu++14";
				CLANG_CXX_LIBRARY = "libc++";
				CLANG_ENABLE_MODULES = YES;
				CLANG_ENABLE_OBJC_ARC = YES;
				CLANG_WARN_BLOCK_CAPTURE_AUTORELEASING = YES;
				CLANG_WARN_BOOL_CONVERSION = YES;
				CLANG_WARN_COMMA = YES;
				CLANG_WARN_CONSTANT_CONVERSION = YES;
				CLANG_WARN_DIRECT_OBJC_ISA_USAGE = YES_ERROR;
				CLANG_WARN_DOCUMENTATION_COMMENTS = YES;
				CLANG_WARN_EMPTY_BODY = YES;
				CLANG_WARN_ENUM_CONVERSION = YES;
				CLANG_WARN_INFINITE_RECURSION = YES;
				CLANG_WARN_INT_CONVERSION = YES;
				CLANG_WARN_NON_LITERAL_NULL_CONVERSION = YES;
				CLANG_WARN_OBJC_LITERAL_CONVERSION = YES;
				CLANG_WARN_OBJC_ROOT_CLASS = YES_ERROR;
				CLANG_WARN_RANGE_LOOP_ANALYSIS = YES;
				CLANG_WARN_STRICT_PROTOTYPES = YES;
				CLANG_WARN_SUSPICIOUS_MOVE = YES;
				CLANG_WARN_UNGUARDED_AVAILABILITY = YES_AGGRESSIVE;
				CLANG_WARN_UNREACHABLE_CODE = YES;
				CLANG_WARN__DUPLICATE_METHOD_MATCH = YES;
				CODE_SIGN_IDENTITY = "iPhone Developer";
				COPY_PHASE_STRIP = NO;
				DEBUG_INFORMATION_FORMAT = dwarf;
				ENABLE_STRICT_OBJC_MSGSEND = YES;
				ENABLE_TESTABILITY = YES;
				GCC_C_LANGUAGE_STANDARD = gnu11;
				GCC_DYNAMIC_NO_PIC = NO;
				GCC_NO_COMMON_BLOCKS = YES;
				GCC_OPTIMIZATION_LEVEL = 0;
				GCC_PREPROCESSOR_DEFINITIONS = (
					"DEBUG=1",
					"$(inherited)",
				);
				GCC_WARN_64_TO_32_BIT_CONVERSION = YES;
				GCC_WARN_ABOUT_RETURN_TYPE = YES_ERROR;
				GCC_WARN_UNDECLARED_SELECTOR = YES;
				GCC_WARN_UNINITIALIZED_AUTOS = YES_AGGRESSIVE;
				GCC_WARN_UNUSED_FUNCTION = YES;
				GCC_WARN_UNUSED_VARIABLE = YES;
				IPHONEOS_DEPLOYMENT_TARGET = 11.0;
				MTL_ENABLE_DEBUG_INFO = YES;
				ONLY_ACTIVE_ARCH = YES;
				SDKROOT = iphoneos;
				SWIFT_ACTIVE_COMPILATION_CONDITIONS = DEBUG;
				SWIFT_OPTIMIZATION_LEVEL = "-Onone";
			};
			name = Debug;
		};
		D12B3FD81F7A374A0077CD8D /* Release */ = {
			isa = XCBuildConfiguration;
			buildSettings = {
				ALWAYS_SEARCH_USER_PATHS = NO;
				CLANG_ANALYZER_NONNULL = YES;
				CLANG_ANALYZER_NUMBER_OBJECT_CONVERSION = YES_AGGRESSIVE;
				CLANG_CXX_LANGUAGE_STANDARD = "gnu++14";
				CLANG_CXX_LIBRARY = "libc++";
				CLANG_ENABLE_MODULES = YES;
				CLANG_ENABLE_OBJC_ARC = YES;
				CLANG_WARN_BLOCK_CAPTURE_AUTORELEASING = YES;
				CLANG_WARN_BOOL_CONVERSION = YES;
				CLANG_WARN_COMMA = YES;
				CLANG_WARN_CONSTANT_CONVERSION = YES;
				CLANG_WARN_DIRECT_OBJC_ISA_USAGE = YES_ERROR;
				CLANG_WARN_DOCUMENTATION_COMMENTS = YES;
				CLANG_WARN_EMPTY_BODY = YES;
				CLANG_WARN_ENUM_CONVERSION = YES;
				CLANG_WARN_INFINITE_RECURSION = YES;
				CLANG_WARN_INT_CONVERSION = YES;
				CLANG_WARN_NON_LITERAL_NULL_CONVERSION = YES;
				CLANG_WARN_OBJC_LITERAL_CONVERSION = YES;
				CLANG_WARN_OBJC_ROOT_CLASS = YES_ERROR;
				CLANG_WARN_RANGE_LOOP_ANALYSIS = YES;
				CLANG_WARN_STRICT_PROTOTYPES = YES;
				CLANG_WARN_SUSPICIOUS_MOVE = YES;
				CLANG_WARN_UNGUARDED_AVAILABILITY = YES_AGGRESSIVE;
				CLANG_WARN_UNREACHABLE_CODE = YES;
				CLANG_WARN__DUPLICATE_METHOD_MATCH = YES;
				CODE_SIGN_IDENTITY = "iPhone Developer";
				COPY_PHASE_STRIP = NO;
				DEBUG_INFORMATION_FORMAT = "dwarf-with-dsym";
				ENABLE_NS_ASSERTIONS = NO;
				ENABLE_STRICT_OBJC_MSGSEND = YES;
				GCC_C_LANGUAGE_STANDARD = gnu11;
				GCC_NO_COMMON_BLOCKS = YES;
				GCC_WARN_64_TO_32_BIT_CONVERSION = YES;
				GCC_WARN_ABOUT_RETURN_TYPE = YES_ERROR;
				GCC_WARN_UNDECLARED_SELECTOR = YES;
				GCC_WARN_UNINITIALIZED_AUTOS = YES_AGGRESSIVE;
				GCC_WARN_UNUSED_FUNCTION = YES;
				GCC_WARN_UNUSED_VARIABLE = YES;
				IPHONEOS_DEPLOYMENT_TARGET = 11.0;
				MTL_ENABLE_DEBUG_INFO = NO;
				SDKROOT = iphoneos;
				SWIFT_OPTIMIZATION_LEVEL = "-Owholemodule";
				VALIDATE_PRODUCT = YES;
			};
			name = Release;
		};
		D12B3FDA1F7A374A0077CD8D /* Debug */ = {
			isa = XCBuildConfiguration;
			buildSettings = {
				ASSETCATALOG_COMPILER_APPICON_NAME = AppIcon;
				CODE_SIGN_STYLE = Automatic;
				INFOPLIST_FILE = iOS11/Info.plist;
				LD_RUNPATH_SEARCH_PATHS = "$(inherited) @executable_path/Frameworks";
				PRODUCT_BUNDLE_IDENTIFIER = "-23.iOS11";
				PRODUCT_NAME = "$(TARGET_NAME)";
				SWIFT_VERSION = 4.0;
				TARGETED_DEVICE_FAMILY = "1,2";
			};
			name = Debug;
		};
		D12B3FDB1F7A374A0077CD8D /* Release */ = {
			isa = XCBuildConfiguration;
			buildSettings = {
				ASSETCATALOG_COMPILER_APPICON_NAME = AppIcon;
				CODE_SIGN_STYLE = Automatic;
				INFOPLIST_FILE = iOS11/Info.plist;
				LD_RUNPATH_SEARCH_PATHS = "$(inherited) @executable_path/Frameworks";
				PRODUCT_BUNDLE_IDENTIFIER = "-23.iOS11";
				PRODUCT_NAME = "$(TARGET_NAME)";
				SWIFT_VERSION = 4.0;
				TARGETED_DEVICE_FAMILY = "1,2";
			};
			name = Release;
		};
		D12B3FDD1F7A374A0077CD8D /* Debug */ = {
			isa = XCBuildConfiguration;
			buildSettings = {
				ALWAYS_EMBED_SWIFT_STANDARD_LIBRARIES = YES;
				BUNDLE_LOADER = "$(TEST_HOST)";
				CODE_SIGN_STYLE = Automatic;
				INFOPLIST_FILE = iOS11Tests/Info.plist;
				LD_RUNPATH_SEARCH_PATHS = "$(inherited) @executable_path/Frameworks @loader_path/Frameworks";
				PRODUCT_BUNDLE_IDENTIFIER = "-23.iOS11Tests";
				PRODUCT_NAME = "$(TARGET_NAME)";
				SWIFT_VERSION = 4.0;
				TARGETED_DEVICE_FAMILY = "1,2";
				TEST_HOST = "$(BUILT_PRODUCTS_DIR)/iOS11.app/iOS11";
			};
			name = Debug;
		};
		D12B3FDE1F7A374A0077CD8D /* Release */ = {
			isa = XCBuildConfiguration;
			buildSettings = {
				ALWAYS_EMBED_SWIFT_STANDARD_LIBRARIES = YES;
				BUNDLE_LOADER = "$(TEST_HOST)";
				CODE_SIGN_STYLE = Automatic;
				INFOPLIST_FILE = iOS11Tests/Info.plist;
				LD_RUNPATH_SEARCH_PATHS = "$(inherited) @executable_path/Frameworks @loader_path/Frameworks";
				PRODUCT_BUNDLE_IDENTIFIER = "-23.iOS11Tests";
				PRODUCT_NAME = "$(TARGET_NAME)";
				SWIFT_VERSION = 4.0;
				TARGETED_DEVICE_FAMILY = "1,2";
				TEST_HOST = "$(BUILT_PRODUCTS_DIR)/iOS11.app/iOS11";
			};
			name = Release;
		};
		D12B3FE01F7A374A0077CD8D /* Debug */ = {
			isa = XCBuildConfiguration;
			buildSettings = {
				ALWAYS_EMBED_SWIFT_STANDARD_LIBRARIES = YES;
				CODE_SIGN_STYLE = Automatic;
				INFOPLIST_FILE = iOS11UITests/Info.plist;
				LD_RUNPATH_SEARCH_PATHS = "$(inherited) @executable_path/Frameworks @loader_path/Frameworks";
				PRODUCT_BUNDLE_IDENTIFIER = "-23.iOS11UITests";
				PRODUCT_NAME = "$(TARGET_NAME)";
				SWIFT_VERSION = 4.0;
				TARGETED_DEVICE_FAMILY = "1,2";
				TEST_TARGET_NAME = iOS11;
			};
			name = Debug;
		};
		D12B3FE11F7A374A0077CD8D /* Release */ = {
			isa = XCBuildConfiguration;
			buildSettings = {
				ALWAYS_EMBED_SWIFT_STANDARD_LIBRARIES = YES;
				CODE_SIGN_STYLE = Automatic;
				INFOPLIST_FILE = iOS11UITests/Info.plist;
				LD_RUNPATH_SEARCH_PATHS = "$(inherited) @executable_path/Frameworks @loader_path/Frameworks";
				PRODUCT_BUNDLE_IDENTIFIER = "-23.iOS11UITests";
				PRODUCT_NAME = "$(TARGET_NAME)";
				SWIFT_VERSION = 4.0;
				TARGETED_DEVICE_FAMILY = "1,2";
				TEST_TARGET_NAME = iOS11;
			};
			name = Release;
		};
/* End XCBuildConfiguration section */

/* Begin XCConfigurationList section */
		D12B3FAC1F7A374A0077CD8D /* Build configuration list for PBXProject "iOS11" */ = {
			isa = XCConfigurationList;
			buildConfigurations = (
				D12B3FD71F7A374A0077CD8D /* Debug */,
				D12B3FD81F7A374A0077CD8D /* Release */,
			);
			defaultConfigurationIsVisible = 0;
			defaultConfigurationName = Release;
		};
		D12B3FD91F7A374A0077CD8D /* Build configuration list for PBXNativeTarget "iOS11" */ = {
			isa = XCConfigurationList;
			buildConfigurations = (
				D12B3FDA1F7A374A0077CD8D /* Debug */,
				D12B3FDB1F7A374A0077CD8D /* Release */,
			);
			defaultConfigurationIsVisible = 0;
			defaultConfigurationName = Release;
		};
		D12B3FDC1F7A374A0077CD8D /* Build configuration list for PBXNativeTarget "iOS11Tests" */ = {
			isa = XCConfigurationList;
			buildConfigurations = (
				D12B3FDD1F7A374A0077CD8D /* Debug */,
				D12B3FDE1F7A374A0077CD8D /* Release */,
			);
			defaultConfigurationIsVisible = 0;
			defaultConfigurationName = Release;
		};
		D12B3FDF1F7A374A0077CD8D /* Build configuration list for PBXNativeTarget "iOS11UITests" */ = {
			isa = XCConfigurationList;
			buildConfigurations = (
				D12B3FE01F7A374A0077CD8D /* Debug */,
				D12B3FE11F7A374A0077CD8D /* Release */,
			);
			defaultConfigurationIsVisible = 0;
			defaultConfigurationName = Release;
		};
/* End XCConfigurationList section */
	};
	rootObject = D12B3FA91F7A374A0077CD8D /* Project object */;
}
