// !$*UTF8*$!
{
	archiveVersion = 1;
	classes = {
	};
	objectVersion = 48;
	objects = {

/* Begin PBXBuildFile section */
		D1FD1C5A1FDA8160008C2725 /* AppDelegate.swift in Sources */ = {isa = PBXBuildFile; fileRef = D1FD1C591FDA8160008C2725 /* AppDelegate.swift */; };
		D1FD1C5C1FDA8160008C2725 /* ViewController.swift in Sources */ = {isa = PBXBuildFile; fileRef = D1FD1C5B1FDA8160008C2725 /* ViewController.swift */; };
		D1FD1C5F1FDA8160008C2725 /* Main.storyboard in Resources */ = {isa = PBXBuildFile; fileRef = D1FD1C5D1FDA8160008C2725 /* Main.storyboard */; };
		D1FD1C611FDA8160008C2725 /* Assets.xcassets in Resources */ = {isa = PBXBuildFile; fileRef = D1FD1C601FDA8160008C2725 /* Assets.xcassets */; };
		D1FD1C641FDA8160008C2725 /* LaunchScreen.storyboard in Resources */ = {isa = PBXBuildFile; fileRef = D1FD1C621FDA8160008C2725 /* LaunchScreen.storyboard */; };
		D1FD1C6F1FDA8161008C2725 /* StoryboardDemoTests.swift in Sources */ = {isa = PBXBuildFile; fileRef = D1FD1C6E1FDA8161008C2725 /* StoryboardDemoTests.swift */; };
		D1FD1C7A1FDA8161008C2725 /* StoryboardDemoUITests.swift in Sources */ = {isa = PBXBuildFile; fileRef = D1FD1C791FDA8161008C2725 /* StoryboardDemoUITests.swift */; };
		D1FD1C881FDA81A0008C2725 /* UIView+XIB.swift in Sources */ = {isa = PBXBuildFile; fileRef = D1FD1C871FDA81A0008C2725 /* UIView+XIB.swift */; };
		D1FD1C8D1FDA86FE008C2725 /* UIImageView+Xib.m in Sources */ = {isa = PBXBuildFile; fileRef = D1FD1C8C1FDA86FE008C2725 /* UIImageView+Xib.m */; };
/* End PBXBuildFile section */

/* Begin PBXContainerItemProxy section */
		D1FD1C6B1FDA8161008C2725 /* PBXContainerItemProxy */ = {
			isa = PBXContainerItemProxy;
			containerPortal = D1FD1C4E1FDA8160008C2725 /* Project object */;
			proxyType = 1;
			remoteGlobalIDString = D1FD1C551FDA8160008C2725;
			remoteInfo = StoryboardDemo;
		};
		D1FD1C761FDA8161008C2725 /* PBXContainerItemProxy */ = {
			isa = PBXContainerItemProxy;
			containerPortal = D1FD1C4E1FDA8160008C2725 /* Project object */;
			proxyType = 1;
			remoteGlobalIDString = D1FD1C551FDA8160008C2725;
			remoteInfo = StoryboardDemo;
		};
/* End PBXContainerItemProxy section */

/* Begin PBXFileReference section */
		D1FD1C561FDA8160008C2725 /* StoryboardDemo.app */ = {isa = PBXFileReference; explicitFileType = wrapper.application; includeInIndex = 0; path = StoryboardDemo.app; sourceTree = BUILT_PRODUCTS_DIR; };
		D1FD1C591FDA8160008C2725 /* AppDelegate.swift */ = {isa = PBXFileReference; lastKnownFileType = sourcecode.swift; path = AppDelegate.swift; sourceTree = "<group>"; };
		D1FD1C5B1FDA8160008C2725 /* ViewController.swift */ = {isa = PBXFileReference; lastKnownFileType = sourcecode.swift; path = ViewController.swift; sourceTree = "<group>"; };
		D1FD1C5E1FDA8160008C2725 /* Base */ = {isa = PBXFileReference; lastKnownFileType = file.storyboard; name = Base; path = Base.lproj/Main.storyboard; sourceTree = "<group>"; };
		D1FD1C601FDA8160008C2725 /* Assets.xcassets */ = {isa = PBXFileReference; lastKnownFileType = folder.assetcatalog; path = Assets.xcassets; sourceTree = "<group>"; };
		D1FD1C631FDA8160008C2725 /* Base */ = {isa = PBXFileReference; lastKnownFileType = file.storyboard; name = Base; path = Base.lproj/LaunchScreen.storyboard; sourceTree = "<group>"; };
		D1FD1C651FDA8160008C2725 /* Info.plist */ = {isa = PBXFileReference; lastKnownFileType = text.plist.xml; path = Info.plist; sourceTree = "<group>"; };
		D1FD1C6A1FDA8161008C2725 /* StoryboardDemoTests.xctest */ = {isa = PBXFileReference; explicitFileType = wrapper.cfbundle; includeInIndex = 0; path = StoryboardDemoTests.xctest; sourceTree = BUILT_PRODUCTS_DIR; };
		D1FD1C6E1FDA8161008C2725 /* StoryboardDemoTests.swift */ = {isa = PBXFileReference; lastKnownFileType = sourcecode.swift; path = StoryboardDemoTests.swift; sourceTree = "<group>"; };
		D1FD1C701FDA8161008C2725 /* Info.plist */ = {isa = PBXFileReference; lastKnownFileType = text.plist.xml; path = Info.plist; sourceTree = "<group>"; };
		D1FD1C751FDA8161008C2725 /* StoryboardDemoUITests.xctest */ = {isa = PBXFileReference; explicitFileType = wrapper.cfbundle; includeInIndex = 0; path = StoryboardDemoUITests.xctest; sourceTree = BUILT_PRODUCTS_DIR; };
		D1FD1C791FDA8161008C2725 /* StoryboardDemoUITests.swift */ = {isa = PBXFileReference; lastKnownFileType = sourcecode.swift; path = StoryboardDemoUITests.swift; sourceTree = "<group>"; };
		D1FD1C7B1FDA8161008C2725 /* Info.plist */ = {isa = PBXFileReference; lastKnownFileType = text.plist.xml; path = Info.plist; sourceTree = "<group>"; };
		D1FD1C871FDA81A0008C2725 /* UIView+XIB.swift */ = {isa = PBXFileReference; lastKnownFileType = sourcecode.swift; path = "UIView+XIB.swift"; sourceTree = "<group>"; };
		D1FD1C891FDA869A008C2725 /* StoryboardDemo-Bridging-Header.h */ = {isa = PBXFileReference; lastKnownFileType = sourcecode.c.h; path = "StoryboardDemo-Bridging-Header.h"; sourceTree = "<group>"; };
		D1FD1C8B1FDA86FE008C2725 /* UIImageView+Xib.h */ = {isa = PBXFileReference; lastKnownFileType = sourcecode.c.h; path = "UIImageView+Xib.h"; sourceTree = "<group>"; };
		D1FD1C8C1FDA86FE008C2725 /* UIImageView+Xib.m */ = {isa = PBXFileReference; lastKnownFileType = sourcecode.c.objc; path = "UIImageView+Xib.m"; sourceTree = "<group>"; };
/* End PBXFileReference section */

/* Begin PBXFrameworksBuildPhase section */
		D1FD1C531FDA8160008C2725 /* Frameworks */ = {
			isa = PBXFrameworksBuildPhase;
			buildActionMask = 2147483647;
			files = (
			);
			runOnlyForDeploymentPostprocessing = 0;
		};
		D1FD1C671FDA8161008C2725 /* Frameworks */ = {
			isa = PBXFrameworksBuildPhase;
			buildActionMask = 2147483647;
			files = (
			);
			runOnlyForDeploymentPostprocessing = 0;
		};
		D1FD1C721FDA8161008C2725 /* Frameworks */ = {
			isa = PBXFrameworksBuildPhase;
			buildActionMask = 2147483647;
			files = (
			);
			runOnlyForDeploymentPostprocessing = 0;
		};
/* End PBXFrameworksBuildPhase section */

/* Begin PBXGroup section */
		D1FD1C4D1FDA8160008C2725 = {
			isa = PBXGroup;
			children = (
				D1FD1C581FDA8160008C2725 /* StoryboardDemo */,
				D1FD1C6D1FDA8161008C2725 /* StoryboardDemoTests */,
				D1FD1C781FDA8161008C2725 /* StoryboardDemoUITests */,
				D1FD1C571FDA8160008C2725 /* Products */,
			);
			sourceTree = "<group>";
		};
		D1FD1C571FDA8160008C2725 /* Products */ = {
			isa = PBXGroup;
			children = (
				D1FD1C561FDA8160008C2725 /* StoryboardDemo.app */,
				D1FD1C6A1FDA8161008C2725 /* StoryboardDemoTests.xctest */,
				D1FD1C751FDA8161008C2725 /* StoryboardDemoUITests.xctest */,
			);
			name = Products;
			sourceTree = "<group>";
		};
		D1FD1C581FDA8160008C2725 /* StoryboardDemo */ = {
			isa = PBXGroup;
			children = (
				D1FD1C591FDA8160008C2725 /* AppDelegate.swift */,
				D1FD1C5B1FDA8160008C2725 /* ViewController.swift */,
				D1FD1C5D1FDA8160008C2725 /* Main.storyboard */,
				D1FD1C601FDA8160008C2725 /* Assets.xcassets */,
				D1FD1C621FDA8160008C2725 /* LaunchScreen.storyboard */,
				D1FD1C651FDA8160008C2725 /* Info.plist */,
				D1FD1C871FDA81A0008C2725 /* UIView+XIB.swift */,
				D1FD1C8B1FDA86FE008C2725 /* UIImageView+Xib.h */,
				D1FD1C8C1FDA86FE008C2725 /* UIImageView+Xib.m */,
				D1FD1C891FDA869A008C2725 /* StoryboardDemo-Bridging-Header.h */,
			);
			path = StoryboardDemo;
			sourceTree = "<group>";
		};
		D1FD1C6D1FDA8161008C2725 /* StoryboardDemoTests */ = {
			isa = PBXGroup;
			children = (
				D1FD1C6E1FDA8161008C2725 /* StoryboardDemoTests.swift */,
				D1FD1C701FDA8161008C2725 /* Info.plist */,
			);
			path = StoryboardDemoTests;
			sourceTree = "<group>";
		};
		D1FD1C781FDA8161008C2725 /* StoryboardDemoUITests */ = {
			isa = PBXGroup;
			children = (
				D1FD1C791FDA8161008C2725 /* StoryboardDemoUITests.swift */,
				D1FD1C7B1FDA8161008C2725 /* Info.plist */,
			);
			path = StoryboardDemoUITests;
			sourceTree = "<group>";
		};
/* End PBXGroup section */

/* Begin PBXNativeTarget section */
		D1FD1C551FDA8160008C2725 /* StoryboardDemo */ = {
			isa = PBXNativeTarget;
			buildConfigurationList = D1FD1C7E1FDA8161008C2725 /* Build configuration list for PBXNativeTarget "StoryboardDemo" */;
			buildPhases = (
				D1FD1C521FDA8160008C2725 /* Sources */,
				D1FD1C531FDA8160008C2725 /* Frameworks */,
				D1FD1C541FDA8160008C2725 /* Resources */,
			);
			buildRules = (
			);
			dependencies = (
			);
			name = StoryboardDemo;
			productName = StoryboardDemo;
			productReference = D1FD1C561FDA8160008C2725 /* StoryboardDemo.app */;
			productType = "com.apple.product-type.application";
		};
		D1FD1C691FDA8161008C2725 /* StoryboardDemoTests */ = {
			isa = PBXNativeTarget;
			buildConfigurationList = D1FD1C811FDA8161008C2725 /* Build configuration list for PBXNativeTarget "StoryboardDemoTests" */;
			buildPhases = (
				D1FD1C661FDA8161008C2725 /* Sources */,
				D1FD1C671FDA8161008C2725 /* Frameworks */,
				D1FD1C681FDA8161008C2725 /* Resources */,
			);
			buildRules = (
			);
			dependencies = (
				D1FD1C6C1FDA8161008C2725 /* PBXTargetDependency */,
			);
			name = StoryboardDemoTests;
			productName = StoryboardDemoTests;
			productReference = D1FD1C6A1FDA8161008C2725 /* StoryboardDemoTests.xctest */;
			productType = "com.apple.product-type.bundle.unit-test";
		};
		D1FD1C741FDA8161008C2725 /* StoryboardDemoUITests */ = {
			isa = PBXNativeTarget;
			buildConfigurationList = D1FD1C841FDA8161008C2725 /* Build configuration list for PBXNativeTarget "StoryboardDemoUITests" */;
			buildPhases = (
				D1FD1C711FDA8161008C2725 /* Sources */,
				D1FD1C721FDA8161008C2725 /* Frameworks */,
				D1FD1C731FDA8161008C2725 /* Resources */,
			);
			buildRules = (
			);
			dependencies = (
				D1FD1C771FDA8161008C2725 /* PBXTargetDependency */,
			);
			name = StoryboardDemoUITests;
			productName = StoryboardDemoUITests;
			productReference = D1FD1C751FDA8161008C2725 /* StoryboardDemoUITests.xctest */;
			productType = "com.apple.product-type.bundle.ui-testing";
		};
/* End PBXNativeTarget section */

/* Begin PBXProject section */
		D1FD1C4E1FDA8160008C2725 /* Project object */ = {
			isa = PBXProject;
			attributes = {
				LastSwiftUpdateCheck = 0910;
				LastUpgradeCheck = 0910;
				ORGANIZATIONNAME = TW;
				TargetAttributes = {
					D1FD1C551FDA8160008C2725 = {
						CreatedOnToolsVersion = 9.1;
						LastSwiftMigration = 0910;
						ProvisioningStyle = Automatic;
					};
					D1FD1C691FDA8161008C2725 = {
						CreatedOnToolsVersion = 9.1;
						ProvisioningStyle = Automatic;
						TestTargetID = D1FD1C551FDA8160008C2725;
					};
					D1FD1C741FDA8161008C2725 = {
						CreatedOnToolsVersion = 9.1;
						ProvisioningStyle = Automatic;
						TestTargetID = D1FD1C551FDA8160008C2725;
					};
				};
			};
			buildConfigurationList = D1FD1C511FDA8160008C2725 /* Build configuration list for PBXProject "StoryboardDemo" */;
			compatibilityVersion = "Xcode 8.0";
			developmentRegion = en;
			hasScannedForEncodings = 0;
			knownRegions = (
				en,
				Base,
			);
			mainGroup = D1FD1C4D1FDA8160008C2725;
			productRefGroup = D1FD1C571FDA8160008C2725 /* Products */;
			projectDirPath = "";
			projectRoot = "";
			targets = (
				D1FD1C551FDA8160008C2725 /* StoryboardDemo */,
				D1FD1C691FDA8161008C2725 /* StoryboardDemoTests */,
				D1FD1C741FDA8161008C2725 /* StoryboardDemoUITests */,
			);
		};
/* End PBXProject section */

/* Begin PBXResourcesBuildPhase section */
		D1FD1C541FDA8160008C2725 /* Resources */ = {
			isa = PBXResourcesBuildPhase;
			buildActionMask = 2147483647;
			files = (
				D1FD1C641FDA8160008C2725 /* LaunchScreen.storyboard in Resources */,
				D1FD1C611FDA8160008C2725 /* Assets.xcassets in Resources */,
				D1FD1C5F1FDA8160008C2725 /* Main.storyboard in Resources */,
			);
			runOnlyForDeploymentPostprocessing = 0;
		};
		D1FD1C681FDA8161008C2725 /* Resources */ = {
			isa = PBXResourcesBuildPhase;
			buildActionMask = 2147483647;
			files = (
			);
			runOnlyForDeploymentPostprocessing = 0;
		};
		D1FD1C731FDA8161008C2725 /* Resources */ = {
			isa = PBXResourcesBuildPhase;
			buildActionMask = 2147483647;
			files = (
			);
			runOnlyForDeploymentPostprocessing = 0;
		};
/* End PBXResourcesBuildPhase section */

/* Begin PBXSourcesBuildPhase section */
		D1FD1C521FDA8160008C2725 /* Sources */ = {
			isa = PBXSourcesBuildPhase;
			buildActionMask = 2147483647;
			files = (
				D1FD1C5C1FDA8160008C2725 /* ViewController.swift in Sources */,
				D1FD1C881FDA81A0008C2725 /* UIView+XIB.swift in Sources */,
				D1FD1C8D1FDA86FE008C2725 /* UIImageView+Xib.m in Sources */,
				D1FD1C5A1FDA8160008C2725 /* AppDelegate.swift in Sources */,
			);
			runOnlyForDeploymentPostprocessing = 0;
		};
		D1FD1C661FDA8161008C2725 /* Sources */ = {
			isa = PBXSourcesBuildPhase;
			buildActionMask = 2147483647;
			files = (
				D1FD1C6F1FDA8161008C2725 /* StoryboardDemoTests.swift in Sources */,
			);
			runOnlyForDeploymentPostprocessing = 0;
		};
		D1FD1C711FDA8161008C2725 /* Sources */ = {
			isa = PBXSourcesBuildPhase;
			buildActionMask = 2147483647;
			files = (
				D1FD1C7A1FDA8161008C2725 /* StoryboardDemoUITests.swift in Sources */,
			);
			runOnlyForDeploymentPostprocessing = 0;
		};
/* End PBXSourcesBuildPhase section */

/* Begin PBXTargetDependency section */
		D1FD1C6C1FDA8161008C2725 /* PBXTargetDependency */ = {
			isa = PBXTargetDependency;
			target = D1FD1C551FDA8160008C2725 /* StoryboardDemo */;
			targetProxy = D1FD1C6B1FDA8161008C2725 /* PBXContainerItemProxy */;
		};
		D1FD1C771FDA8161008C2725 /* PBXTargetDependency */ = {
			isa = PBXTargetDependency;
			target = D1FD1C551FDA8160008C2725 /* StoryboardDemo */;
			targetProxy = D1FD1C761FDA8161008C2725 /* PBXContainerItemProxy */;
		};
/* End PBXTargetDependency section */

/* Begin PBXVariantGroup section */
		D1FD1C5D1FDA8160008C2725 /* Main.storyboard */ = {
			isa = PBXVariantGroup;
			children = (
				D1FD1C5E1FDA8160008C2725 /* Base */,
			);
			name = Main.storyboard;
			sourceTree = "<group>";
		};
		D1FD1C621FDA8160008C2725 /* LaunchScreen.storyboard */ = {
			isa = PBXVariantGroup;
			children = (
				D1FD1C631FDA8160008C2725 /* Base */,
			);
			name = LaunchScreen.storyboard;
			sourceTree = "<group>";
		};
/* End PBXVariantGroup section */

/* Begin XCBuildConfiguration section */
		D1FD1C7C1FDA8161008C2725 /* Debug */ = {
			isa = XCBuildConfiguration;
			buildSettings = {
				ALWAYS_SEARCH_USER_PATHS = NO;
				CLANG_ANALYZER_NONNULL = YES;
				CLANG_ANALYZER_NUMBER_OBJECT_CONVERSION = YES_AGGRESSIVE;
				CLANG_CXX_LANGUAGE_STANDARD = "gnu++14";
				CLANG_CXX_LIBRARY = "libc++";
				CLANG_ENABLE_MODULES = YES;
				CLANG_ENABLE_OBJC_ARC = YES;
				CLANG_WARN_BLOCK_CAPTURE_AUTORELEASING = YES;
				CLANG_WARN_BOOL_CONVERSION = YES;
				CLANG_WARN_COMMA = YES;
				CLANG_WARN_CONSTANT_CONVERSION = YES;
				CLANG_WARN_DIRECT_OBJC_ISA_USAGE = YES_ERROR;
				CLANG_WARN_DOCUMENTATION_COMMENTS = YES;
				CLANG_WARN_EMPTY_BODY = YES;
				CLANG_WARN_ENUM_CONVERSION = YES;
				CLANG_WARN_INFINITE_RECURSION = YES;
				CLANG_WARN_INT_CONVERSION = YES;
				CLANG_WARN_NON_LITERAL_NULL_CONVERSION = YES;
				CLANG_WARN_OBJC_LITERAL_CONVERSION = YES;
				CLANG_WARN_OBJC_ROOT_CLASS = YES_ERROR;
				CLANG_WARN_RANGE_LOOP_ANALYSIS = YES;
				CLANG_WARN_STRICT_PROTOTYPES = YES;
				CLANG_WARN_SUSPICIOUS_MOVE = YES;
				CLANG_WARN_UNGUARDED_AVAILABILITY = YES_AGGRESSIVE;
				CLANG_WARN_UNREACHABLE_CODE = YES;
				CLANG_WARN__DUPLICATE_METHOD_MATCH = YES;
				CODE_SIGN_IDENTITY = "iPhone Developer";
				COPY_PHASE_STRIP = NO;
				DEBUG_INFORMATION_FORMAT = dwarf;
				ENABLE_STRICT_OBJC_MSGSEND = YES;
				ENABLE_TESTABILITY = YES;
				GCC_C_LANGUAGE_STANDARD = gnu11;
				GCC_DYNAMIC_NO_PIC = NO;
				GCC_NO_COMMON_BLOCKS = YES;
				GCC_OPTIMIZATION_LEVEL = 0;
				GCC_PREPROCESSOR_DEFINITIONS = (
					"DEBUG=1",
					"$(inherited)",
				);
				GCC_WARN_64_TO_32_BIT_CONVERSION = YES;
				GCC_WARN_ABOUT_RETURN_TYPE = YES_ERROR;
				GCC_WARN_UNDECLARED_SELECTOR = YES;
				GCC_WARN_UNINITIALIZED_AUTOS = YES_AGGRESSIVE;
				GCC_WARN_UNUSED_FUNCTION = YES;
				GCC_WARN_UNUSED_VARIABLE = YES;
				IPHONEOS_DEPLOYMENT_TARGET = 11.1;
				MTL_ENABLE_DEBUG_INFO = YES;
				ONLY_ACTIVE_ARCH = YES;
				SDKROOT = iphoneos;
				SWIFT_ACTIVE_COMPILATION_CONDITIONS = DEBUG;
				SWIFT_OPTIMIZATION_LEVEL = "-Onone";
			};
			name = Debug;
		};
		D1FD1C7D1FDA8161008C2725 /* Release */ = {
			isa = XCBuildConfiguration;
			buildSettings = {
				ALWAYS_SEARCH_USER_PATHS = NO;
				CLANG_ANALYZER_NONNULL = YES;
				CLANG_ANALYZER_NUMBER_OBJECT_CONVERSION = YES_AGGRESSIVE;
				CLANG_CXX_LANGUAGE_STANDARD = "gnu++14";
				CLANG_CXX_LIBRARY = "libc++";
				CLANG_ENABLE_MODULES = YES;
				CLANG_ENABLE_OBJC_ARC = YES;
				CLANG_WARN_BLOCK_CAPTURE_AUTORELEASING = YES;
				CLANG_WARN_BOOL_CONVERSION = YES;
				CLANG_WARN_COMMA = YES;
				CLANG_WARN_CONSTANT_CONVERSION = YES;
				CLANG_WARN_DIRECT_OBJC_ISA_USAGE = YES_ERROR;
				CLANG_WARN_DOCUMENTATION_COMMENTS = YES;
				CLANG_WARN_EMPTY_BODY = YES;
				CLANG_WARN_ENUM_CONVERSION = YES;
				CLANG_WARN_INFINITE_RECURSION = YES;
				CLANG_WARN_INT_CONVERSION = YES;
				CLANG_WARN_NON_LITERAL_NULL_CONVERSION = YES;
				CLANG_WARN_OBJC_LITERAL_CONVERSION = YES;
				CLANG_WARN_OBJC_ROOT_CLASS = YES_ERROR;
				CLANG_WARN_RANGE_LOOP_ANALYSIS = YES;
				CLANG_WARN_STRICT_PROTOTYPES = YES;
				CLANG_WARN_SUSPICIOUS_MOVE = YES;
				CLANG_WARN_UNGUARDED_AVAILABILITY = YES_AGGRESSIVE;
				CLANG_WARN_UNREACHABLE_CODE = YES;
				CLANG_WARN__DUPLICATE_METHOD_MATCH = YES;
				CODE_SIGN_IDENTITY = "iPhone Developer";
				COPY_PHASE_STRIP = NO;
				DEBUG_INFORMATION_FORMAT = "dwarf-with-dsym";
				ENABLE_NS_ASSERTIONS = NO;
				ENABLE_STRICT_OBJC_MSGSEND = YES;
				GCC_C_LANGUAGE_STANDARD = gnu11;
				GCC_NO_COMMON_BLOCKS = YES;
				GCC_WARN_64_TO_32_BIT_CONVERSION = YES;
				GCC_WARN_ABOUT_RETURN_TYPE = YES_ERROR;
				GCC_WARN_UNDECLARED_SELECTOR = YES;
				GCC_WARN_UNINITIALIZED_AUTOS = YES_AGGRESSIVE;
				GCC_WARN_UNUSED_FUNCTION = YES;
				GCC_WARN_UNUSED_VARIABLE = YES;
				IPHONEOS_DEPLOYMENT_TARGET = 11.1;
				MTL_ENABLE_DEBUG_INFO = NO;
				SDKROOT = iphoneos;
				SWIFT_OPTIMIZATION_LEVEL = "-Owholemodule";
				VALIDATE_PRODUCT = YES;
			};
			name = Release;
		};
		D1FD1C7F1FDA8161008C2725 /* Debug */ = {
			isa = XCBuildConfiguration;
			buildSettings = {
				ASSETCATALOG_COMPILER_APPICON_NAME = AppIcon;
				CLANG_ENABLE_MODULES = YES;
				CODE_SIGN_STYLE = Automatic;
				INFOPLIST_FILE = StoryboardDemo/Info.plist;
				LD_RUNPATH_SEARCH_PATHS = "$(inherited) @executable_path/Frameworks";
				PRODUCT_BUNDLE_IDENTIFIER = "-23.StoryboardDemo";
				PRODUCT_NAME = "$(TARGET_NAME)";
				SWIFT_OBJC_BRIDGING_HEADER = "StoryboardDemo/StoryboardDemo-Bridging-Header.h";
				SWIFT_OPTIMIZATION_LEVEL = "-Onone";
				SWIFT_VERSION = 4.0;
				TARGETED_DEVICE_FAMILY = "1,2";
			};
			name = Debug;
		};
		D1FD1C801FDA8161008C2725 /* Release */ = {
			isa = XCBuildConfiguration;
			buildSettings = {
				ASSETCATALOG_COMPILER_APPICON_NAME = AppIcon;
				CLANG_ENABLE_MODULES = YES;
				CODE_SIGN_STYLE = Automatic;
				INFOPLIST_FILE = StoryboardDemo/Info.plist;
				LD_RUNPATH_SEARCH_PATHS = "$(inherited) @executable_path/Frameworks";
				PRODUCT_BUNDLE_IDENTIFIER = "-23.StoryboardDemo";
				PRODUCT_NAME = "$(TARGET_NAME)";
				SWIFT_OBJC_BRIDGING_HEADER = "StoryboardDemo/StoryboardDemo-Bridging-Header.h";
				SWIFT_VERSION = 4.0;
				TARGETED_DEVICE_FAMILY = "1,2";
			};
			name = Release;
		};
		D1FD1C821FDA8161008C2725 /* Debug */ = {
			isa = XCBuildConfiguration;
			buildSettings = {
				ALWAYS_EMBED_SWIFT_STANDARD_LIBRARIES = YES;
				BUNDLE_LOADER = "$(TEST_HOST)";
				CODE_SIGN_STYLE = Automatic;
				INFOPLIST_FILE = StoryboardDemoTests/Info.plist;
				LD_RUNPATH_SEARCH_PATHS = "$(inherited) @executable_path/Frameworks @loader_path/Frameworks";
				PRODUCT_BUNDLE_IDENTIFIER = "-23.StoryboardDemoTests";
				PRODUCT_NAME = "$(TARGET_NAME)";
				SWIFT_VERSION = 4.0;
				TARGETED_DEVICE_FAMILY = "1,2";
				TEST_HOST = "$(BUILT_PRODUCTS_DIR)/StoryboardDemo.app/StoryboardDemo";
			};
			name = Debug;
		};
		D1FD1C831FDA8161008C2725 /* Release */ = {
			isa = XCBuildConfiguration;
			buildSettings = {
				ALWAYS_EMBED_SWIFT_STANDARD_LIBRARIES = YES;
				BUNDLE_LOADER = "$(TEST_HOST)";
				CODE_SIGN_STYLE = Automatic;
				INFOPLIST_FILE = StoryboardDemoTests/Info.plist;
				LD_RUNPATH_SEARCH_PATHS = "$(inherited) @executable_path/Frameworks @loader_path/Frameworks";
				PRODUCT_BUNDLE_IDENTIFIER = "-23.StoryboardDemoTests";
				PRODUCT_NAME = "$(TARGET_NAME)";
				SWIFT_VERSION = 4.0;
				TARGETED_DEVICE_FAMILY = "1,2";
				TEST_HOST = "$(BUILT_PRODUCTS_DIR)/StoryboardDemo.app/StoryboardDemo";
			};
			name = Release;
		};
		D1FD1C851FDA8161008C2725 /* Debug */ = {
			isa = XCBuildConfiguration;
			buildSettings = {
				ALWAYS_EMBED_SWIFT_STANDARD_LIBRARIES = YES;
				CODE_SIGN_STYLE = Automatic;
				INFOPLIST_FILE = StoryboardDemoUITests/Info.plist;
				LD_RUNPATH_SEARCH_PATHS = "$(inherited) @executable_path/Frameworks @loader_path/Frameworks";
				PRODUCT_BUNDLE_IDENTIFIER = "-23.StoryboardDemoUITests";
				PRODUCT_NAME = "$(TARGET_NAME)";
				SWIFT_VERSION = 4.0;
				TARGETED_DEVICE_FAMILY = "1,2";
				TEST_TARGET_NAME = StoryboardDemo;
			};
			name = Debug;
		};
		D1FD1C861FDA8161008C2725 /* Release */ = {
			isa = XCBuildConfiguration;
			buildSettings = {
				ALWAYS_EMBED_SWIFT_STANDARD_LIBRARIES = YES;
				CODE_SIGN_STYLE = Automatic;
				INFOPLIST_FILE = StoryboardDemoUITests/Info.plist;
				LD_RUNPATH_SEARCH_PATHS = "$(inherited) @executable_path/Frameworks @loader_path/Frameworks";
				PRODUCT_BUNDLE_IDENTIFIER = "-23.StoryboardDemoUITests";
				PRODUCT_NAME = "$(TARGET_NAME)";
				SWIFT_VERSION = 4.0;
				TARGETED_DEVICE_FAMILY = "1,2";
				TEST_TARGET_NAME = StoryboardDemo;
			};
			name = Release;
		};
/* End XCBuildConfiguration section */

/* Begin XCConfigurationList section */
		D1FD1C511FDA8160008C2725 /* Build configuration list for PBXProject "StoryboardDemo" */ = {
			isa = XCConfigurationList;
			buildConfigurations = (
				D1FD1C7C1FDA8161008C2725 /* Debug */,
				D1FD1C7D1FDA8161008C2725 /* Release */,
			);
			defaultConfigurationIsVisible = 0;
			defaultConfigurationName = Release;
		};
		D1FD1C7E1FDA8161008C2725 /* Build configuration list for PBXNativeTarget "StoryboardDemo" */ = {
			isa = XCConfigurationList;
			buildConfigurations = (
				D1FD1C7F1FDA8161008C2725 /* Debug */,
				D1FD1C801FDA8161008C2725 /* Release */,
			);
			defaultConfigurationIsVisible = 0;
			defaultConfigurationName = Release;
		};
		D1FD1C811FDA8161008C2725 /* Build configuration list for PBXNativeTarget "StoryboardDemoTests" */ = {
			isa = XCConfigurationList;
			buildConfigurations = (
				D1FD1C821FDA8161008C2725 /* Debug */,
				D1FD1C831FDA8161008C2725 /* Release */,
			);
			defaultConfigurationIsVisible = 0;
			defaultConfigurationName = Release;
		};
		D1FD1C841FDA8161008C2725 /* Build configuration list for PBXNativeTarget "StoryboardDemoUITests" */ = {
			isa = XCConfigurationList;
			buildConfigurations = (
				D1FD1C851FDA8161008C2725 /* Debug */,
				D1FD1C861FDA8161008C2725 /* Release */,
			);
			defaultConfigurationIsVisible = 0;
			defaultConfigurationName = Release;
		};
/* End XCConfigurationList section */
	};
	rootObject = D1FD1C4E1FDA8160008C2725 /* Project object */;
}
